<?xml version="1.0" encoding="utf-8"?>
<Project ToolsVersion="4.0" xmlns="http://schemas.microsoft.com/developer/msbuild/2003">
  <ItemGroup>
    <Filter Include="Source Files">
      <UniqueIdentifier>{4FC737F1-C7A5-4376-A066-2A32D752A2FF}</UniqueIdentifier>
      <Extensions>cpp;c;cc;cxx;def;odl;idl;hpj;bat;asm;asmx</Extensions>
    </Filter>
    <Filter Include="Header Files">
      <UniqueIdentifier>{93995380-89BD-4b04-88EB-625FBE52EBFB}</UniqueIdentifier>
      <Extensions>h;hh;hpp;hxx;hm;inl;inc;ipp;xsd</Extensions>
    </Filter>
    <Filter Include="Resource Files">
      <UniqueIdentifier>{67DA6AB6-F800-4c08-8B7A-83BB121AAD01}</UniqueIdentifier>
      <Extensions>rc;ico;cur;bmp;dlg;rc2;rct;bin;rgs;gif;jpg;jpeg;jpe;resx;tiff;tif;png;wav;mfcribbon-ms</Extensions>
    </Filter>
    <Filter Include="Source Files\Core">
      <UniqueIdentifier>{4af8b778-0f19-4ae1-90ce-717bcecb1ae9}</UniqueIdentifier>
    </Filter>
    <Filter Include="Header Files\Core">
      <UniqueIdentifier>{3a6cfacd-6be6-4a4a-9b76-2fae258ad588}</UniqueIdentifier>
    </Filter>
    <Filter Include="Shaders">
      <UniqueIdentifier>{81659dac-8b3c-41ea-9e4d-f2ccd577285b}</UniqueIdentifier>
    </Filter>
    <Filter Include="Header Files\Core\Math">
      <UniqueIdentifier>{3fbef7f1-3104-42e9-ac93-e7951c99cb19}</UniqueIdentifier>
    </Filter>
    <Filter Include="Header Files\Core\Utility">
      <UniqueIdentifier>{95b5a43f-091a-46cd-b271-d3e43cb74443}</UniqueIdentifier>
    </Filter>
    <Filter Include="Source Files\Core\Utility">
      <UniqueIdentifier>{57393333-3b79-40ae-b8ac-b0d51768b942}</UniqueIdentifier>
    </Filter>
    <Filter Include="External">
      <UniqueIdentifier>{e23ff412-a445-4c33-b0a2-d4194bdff52c}</UniqueIdentifier>
    </Filter>
    <Filter Include="External\GLAD">
      <UniqueIdentifier>{68600d9b-8bbc-4e1c-8b10-00a387caa922}</UniqueIdentifier>
    </Filter>
    <Filter Include="External\FreeType">
      <UniqueIdentifier>{4ab4cee8-f6e7-4207-a585-42f10554f751}</UniqueIdentifier>
    </Filter>
    <Filter Include="External\FreeType\Config">
      <UniqueIdentifier>{65b0d24d-9ccd-4362-b873-33a9e8266998}</UniqueIdentifier>
    </Filter>
    <Filter Include="External\STB">
      <UniqueIdentifier>{aa5a3bde-04cd-4874-b0b5-c80969ccbe5e}</UniqueIdentifier>
    </Filter>
    <Filter Include="External\SDL2">
      <UniqueIdentifier>{d2be09b4-f303-4de9-bdf2-5bc0dddb7553}</UniqueIdentifier>
    </Filter>
    <Filter Include="External\RobinMap">
      <UniqueIdentifier>{5a5f8d6b-0b7a-437f-a43c-5a649744e367}</UniqueIdentifier>
    </Filter>
    <Filter Include="Header Files\Core\Components">
      <UniqueIdentifier>{b33f6162-64ef-4ff9-aee6-05ea137cac07}</UniqueIdentifier>
    </Filter>
    <Filter Include="Source Files\Core\Components">
      <UniqueIdentifier>{787a4fa2-f03a-4044-83be-d3b8346073e8}</UniqueIdentifier>
    </Filter>
    <Filter Include="External\YAML">
      <UniqueIdentifier>{ccdc319b-48ca-42bc-b46e-b51722066ed8}</UniqueIdentifier>
    </Filter>
    <Filter Include="External\YAML\Node">
      <UniqueIdentifier>{64252b0a-a46e-4b66-9680-e3d9ede2e701}</UniqueIdentifier>
    </Filter>
    <Filter Include="External\YAML\Node\Detail">
      <UniqueIdentifier>{2c46d1e2-a21e-445b-bdec-ce2fd964e12f}</UniqueIdentifier>
    </Filter>
    <Filter Include="External\YAML\Contrib">
      <UniqueIdentifier>{2c4676fd-7396-484d-9d5f-35136861de44}</UniqueIdentifier>
    </Filter>
    <Filter Include="Header Files\Core\Resources">
      <UniqueIdentifier>{73890201-3d6e-4d8b-9090-bc81882b52e4}</UniqueIdentifier>
    </Filter>
    <Filter Include="Source Files\Core\Resources">
      <UniqueIdentifier>{8e30ec49-55e1-4f14-ae82-a4f816e00092}</UniqueIdentifier>
    </Filter>
  </ItemGroup>
  <ItemGroup>
    <ClInclude Include="resource.h">
      <Filter>Header Files</Filter>
    </ClInclude>
    <ClInclude Include="Source\include\Math\Box2D.h">
      <Filter>Header Files\Core\Math</Filter>
    </ClInclude>
    <ClInclude Include="Source\include\Math\CoreMath.h">
      <Filter>Header Files\Core\Math</Filter>
    </ClInclude>
    <ClInclude Include="Source\include\Math\IntVector2.h">
      <Filter>Header Files\Core\Math</Filter>
    </ClInclude>
    <ClInclude Include="Source\include\Math\IntVector3.h">
      <Filter>Header Files\Core\Math</Filter>
    </ClInclude>
    <ClInclude Include="Source\include\Math\MathUtility.h">
      <Filter>Header Files\Core\Math</Filter>
    </ClInclude>
    <ClInclude Include="Source\include\Math\Matrix3x3.h">
      <Filter>Header Files\Core\Math</Filter>
    </ClInclude>
    <ClInclude Include="Source\include\Math\Matrix4x4.h">
      <Filter>Header Files\Core\Math</Filter>
    </ClInclude>
    <ClInclude Include="Source\include\Math\Quaternion.h">
      <Filter>Header Files\Core\Math</Filter>
    </ClInclude>
    <ClInclude Include="Source\include\Math\Ray.h">
      <Filter>Header Files\Core\Math</Filter>
    </ClInclude>
    <ClInclude Include="Source\include\Math\Vector2.h">
      <Filter>Header Files\Core\Math</Filter>
    </ClInclude>
    <ClInclude Include="Source\include\Math\Vector3.h">
      <Filter>Header Files\Core\Math</Filter>
    </ClInclude>
    <ClInclude Include="Source\include\Math\Vector4.h">
      <Filter>Header Files\Core\Math</Filter>
    </ClInclude>
    <ClInclude Include="Source\include\Utility\DeviceFunctions.h">
      <Filter>Header Files\Core\Utility</Filter>
    </ClInclude>
    <ClInclude Include="Source\include\Utility\LogFreeType.h">
      <Filter>Header Files\Core\Utility</Filter>
    </ClInclude>
    <ClInclude Include="Source\include\Utility\LogGraphics.h">
      <Filter>Header Files\Core\Utility</Filter>
    </ClInclude>
    <ClInclude Include="Source\include\Utility\TexturePacking.h">
      <Filter>Header Files\Core\Utility</Filter>
    </ClInclude>
    <ClInclude Include="Source\include\Utility\Timer.h">
      <Filter>Header Files\Core\Utility</Filter>
    </ClInclude>
    <ClInclude Include="Source\include\Bitmap.h">
      <Filter>Header Files\Core</Filter>
    </ClInclude>
    <ClInclude Include="Source\include\Core.h">
      <Filter>Header Files\Core</Filter>
    </ClInclude>
    <ClInclude Include="Source\include\CoreCUDA.h">
      <Filter>Header Files\Core</Filter>
    </ClInclude>
    <ClInclude Include="Source\include\CoreTime.h">
      <Filter>Header Files\Core</Filter>
    </ClInclude>
    <ClInclude Include="Source\include\CoreTypes.h">
      <Filter>Header Files\Core</Filter>
    </ClInclude>
    <ClInclude Include="Source\include\EdgeHolder.h">
      <Filter>Header Files\Core</Filter>
    </ClInclude>
    <ClInclude Include="Source\include\EdgeSegments.h">
      <Filter>Header Files\Core</Filter>
    </ClInclude>
    <ClInclude Include="Source\include\FileManager.h">
      <Filter>Header Files\Core</Filter>
    </ClInclude>
    <ClInclude Include="Source\include\FileStream.h">
      <Filter>Header Files\Core</Filter>
    </ClInclude>
    <ClInclude Include="Source\include\Font.h">
      <Filter>Header Files\Core</Filter>
    </ClInclude>
    <ClInclude Include="Source\include\Glyph.h">
      <Filter>Header Files\Core</Filter>
    </ClInclude>
    <ClInclude Include="Source\include\Graphics.h">
      <Filter>Header Files\Core</Filter>
    </ClInclude>
    <ClInclude Include="Source\include\IIdentifier.h">
      <Filter>Header Files\Core</Filter>
    </ClInclude>
    <ClInclude Include="Source\include\Material.h">
      <Filter>Header Files\Core</Filter>
    </ClInclude>
    <ClInclude Include="Source\include\Mesh.h">
      <Filter>Header Files\Core</Filter>
    </ClInclude>
    <ClInclude Include="Source\include\MeshLoader.h">
      <Filter>Header Files\Core</Filter>
    </ClInclude>
    <ClInclude Include="Source\include\RenderTarget.h">
      <Filter>Header Files\Core</Filter>
    </ClInclude>
    <ClInclude Include="Source\include\SDFGenerator.h">
      <Filter>Header Files\Core</Filter>
    </ClInclude>
    <ClInclude Include="Source\include\ShaderProgram.h">
      <Filter>Header Files\Core</Filter>
    </ClInclude>
    <ClInclude Include="Source\include\ShaderStage.h">
      <Filter>Header Files\Core</Filter>
    </ClInclude>
    <ClInclude Include="Source\include\Space.h">
      <Filter>Header Files\Core</Filter>
    </ClInclude>
    <ClInclude Include="Source\include\Text.h">
      <Filter>Header Files\Core</Filter>
    </ClInclude>
    <ClInclude Include="Source\include\Text2DGenerator.h">
      <Filter>Header Files\Core</Filter>
    </ClInclude>
    <ClInclude Include="Source\include\Texture.h">
      <Filter>Header Files\Core</Filter>
    </ClInclude>
    <ClInclude Include="Source\include\Texture2D.h">
      <Filter>Header Files\Core</Filter>
    </ClInclude>
    <ClInclude Include="Source\include\Texture3D.h">
      <Filter>Header Files\Core</Filter>
    </ClInclude>
    <ClInclude Include="Source\include\Window.h">
      <Filter>Header Files\Core</Filter>
    </ClInclude>
    <ClInclude Include="Source\include\Shape2D.h">
      <Filter>Header Files\Core</Filter>
    </ClInclude>
    <ClInclude Include="Source\include\Shape2DContour.h">
      <Filter>Header Files\Core</Filter>
    </ClInclude>
    <ClInclude Include="Source\include\Utility\LogCore.h">
      <Filter>Header Files\Core\Utility</Filter>
    </ClInclude>
    <ClInclude Include="Source\include\Utility\TextFormatting.h">
      <Filter>Header Files\Core\Utility</Filter>
    </ClInclude>
    <ClInclude Include="Source\include\Utility\TextFormattingMath.h">
      <Filter>Header Files\Core\Utility</Filter>
    </ClInclude>
    <ClInclude Include="Source\include\ImageLoader.h">
      <Filter>Header Files\Core</Filter>
    </ClInclude>
    <ClInclude Include="Source\include\Transform.h">
      <Filter>Header Files\Core</Filter>
    </ClInclude>
    <ClInclude Include="Source\include\Cubemap.h">
      <Filter>Header Files\Core</Filter>
    </ClInclude>
    <ClInclude Include="Source\include\Math\Box3D.h">
      <Filter>Header Files\Core\Math</Filter>
    </ClInclude>
    <ClInclude Include="Source\include\Utility\MeshPrimitives.h">
      <Filter>Header Files\Core\Utility</Filter>
    </ClInclude>
    <ClInclude Include="Source\include\Math\Physics.h">
      <Filter>Header Files\Core\Math</Filter>
    </ClInclude>
    <ClInclude Include="Source\include\OBJLoader.h">
      <Filter>Header Files\Core</Filter>
    </ClInclude>
    <ClInclude Include="Source\include\FBXLoader.h">
      <Filter>Header Files\Core</Filter>
    </ClInclude>
    <ClInclude Include="External\SDL\include\begin_code.h">
      <Filter>External\SDL2</Filter>
    </ClInclude>
    <ClInclude Include="External\SDL\include\close_code.h">
      <Filter>External\SDL2</Filter>
    </ClInclude>
    <ClInclude Include="External\SDL\include\SDL.h">
      <Filter>External\SDL2</Filter>
    </ClInclude>
    <ClInclude Include="External\SDL\include\SDL_assert.h">
      <Filter>External\SDL2</Filter>
    </ClInclude>
    <ClInclude Include="External\SDL\include\SDL_atomic.h">
      <Filter>External\SDL2</Filter>
    </ClInclude>
    <ClInclude Include="External\SDL\include\SDL_audio.h">
      <Filter>External\SDL2</Filter>
    </ClInclude>
    <ClInclude Include="External\SDL\include\SDL_bits.h">
      <Filter>External\SDL2</Filter>
    </ClInclude>
    <ClInclude Include="External\SDL\include\SDL_blendmode.h">
      <Filter>External\SDL2</Filter>
    </ClInclude>
    <ClInclude Include="External\SDL\include\SDL_clipboard.h">
      <Filter>External\SDL2</Filter>
    </ClInclude>
    <ClInclude Include="External\SDL\include\SDL_config.h">
      <Filter>External\SDL2</Filter>
    </ClInclude>
    <ClInclude Include="External\SDL\include\SDL_config_android.h">
      <Filter>External\SDL2</Filter>
    </ClInclude>
    <ClInclude Include="External\SDL\include\SDL_config_iphoneos.h">
      <Filter>External\SDL2</Filter>
    </ClInclude>
    <ClInclude Include="External\SDL\include\SDL_config_macosx.h">
      <Filter>External\SDL2</Filter>
    </ClInclude>
    <ClInclude Include="External\SDL\include\SDL_config_minimal.h">
      <Filter>External\SDL2</Filter>
    </ClInclude>
    <ClInclude Include="External\SDL\include\SDL_config_os2.h">
      <Filter>External\SDL2</Filter>
    </ClInclude>
    <ClInclude Include="External\SDL\include\SDL_config_pandora.h">
      <Filter>External\SDL2</Filter>
    </ClInclude>
    <ClInclude Include="External\SDL\include\SDL_config_psp.h">
      <Filter>External\SDL2</Filter>
    </ClInclude>
    <ClInclude Include="External\SDL\include\SDL_config_windows.h">
      <Filter>External\SDL2</Filter>
    </ClInclude>
    <ClInclude Include="External\SDL\include\SDL_config_winrt.h">
      <Filter>External\SDL2</Filter>
    </ClInclude>
    <ClInclude Include="External\SDL\include\SDL_config_wiz.h">
      <Filter>External\SDL2</Filter>
    </ClInclude>
    <ClInclude Include="External\SDL\include\SDL_copying.h">
      <Filter>External\SDL2</Filter>
    </ClInclude>
    <ClInclude Include="External\SDL\include\SDL_cpuinfo.h">
      <Filter>External\SDL2</Filter>
    </ClInclude>
    <ClInclude Include="External\SDL\include\SDL_egl.h">
      <Filter>External\SDL2</Filter>
    </ClInclude>
    <ClInclude Include="External\SDL\include\SDL_endian.h">
      <Filter>External\SDL2</Filter>
    </ClInclude>
    <ClInclude Include="External\SDL\include\SDL_error.h">
      <Filter>External\SDL2</Filter>
    </ClInclude>
    <ClInclude Include="External\SDL\include\SDL_events.h">
      <Filter>External\SDL2</Filter>
    </ClInclude>
    <ClInclude Include="External\SDL\include\SDL_filesystem.h">
      <Filter>External\SDL2</Filter>
    </ClInclude>
    <ClInclude Include="External\SDL\include\SDL_gamecontroller.h">
      <Filter>External\SDL2</Filter>
    </ClInclude>
    <ClInclude Include="External\SDL\include\SDL_gesture.h">
      <Filter>External\SDL2</Filter>
    </ClInclude>
    <ClInclude Include="External\SDL\include\SDL_haptic.h">
      <Filter>External\SDL2</Filter>
    </ClInclude>
    <ClInclude Include="External\SDL\include\SDL_hints.h">
      <Filter>External\SDL2</Filter>
    </ClInclude>
    <ClInclude Include="External\SDL\include\SDL_joystick.h">
      <Filter>External\SDL2</Filter>
    </ClInclude>
    <ClInclude Include="External\SDL\include\SDL_keyboard.h">
      <Filter>External\SDL2</Filter>
    </ClInclude>
    <ClInclude Include="External\SDL\include\SDL_keycode.h">
      <Filter>External\SDL2</Filter>
    </ClInclude>
    <ClInclude Include="External\SDL\include\SDL_loadso.h">
      <Filter>External\SDL2</Filter>
    </ClInclude>
    <ClInclude Include="External\SDL\include\SDL_log.h">
      <Filter>External\SDL2</Filter>
    </ClInclude>
    <ClInclude Include="External\SDL\include\SDL_main.h">
      <Filter>External\SDL2</Filter>
    </ClInclude>
    <ClInclude Include="External\SDL\include\SDL_messagebox.h">
      <Filter>External\SDL2</Filter>
    </ClInclude>
    <ClInclude Include="External\SDL\include\SDL_mouse.h">
      <Filter>External\SDL2</Filter>
    </ClInclude>
    <ClInclude Include="External\SDL\include\SDL_mutex.h">
      <Filter>External\SDL2</Filter>
    </ClInclude>
    <ClInclude Include="External\SDL\include\SDL_name.h">
      <Filter>External\SDL2</Filter>
    </ClInclude>
    <ClInclude Include="External\SDL\include\SDL_opengl.h">
      <Filter>External\SDL2</Filter>
    </ClInclude>
    <ClInclude Include="External\SDL\include\SDL_opengl_glext.h">
      <Filter>External\SDL2</Filter>
    </ClInclude>
    <ClInclude Include="External\SDL\include\SDL_opengles.h">
      <Filter>External\SDL2</Filter>
    </ClInclude>
    <ClInclude Include="External\SDL\include\SDL_opengles2.h">
      <Filter>External\SDL2</Filter>
    </ClInclude>
    <ClInclude Include="External\SDL\include\SDL_opengles2_gl2.h">
      <Filter>External\SDL2</Filter>
    </ClInclude>
    <ClInclude Include="External\SDL\include\SDL_opengles2_gl2ext.h">
      <Filter>External\SDL2</Filter>
    </ClInclude>
    <ClInclude Include="External\SDL\include\SDL_opengles2_gl2platform.h">
      <Filter>External\SDL2</Filter>
    </ClInclude>
    <ClInclude Include="External\SDL\include\SDL_opengles2_khrplatform.h">
      <Filter>External\SDL2</Filter>
    </ClInclude>
    <ClInclude Include="External\SDL\include\SDL_pixels.h">
      <Filter>External\SDL2</Filter>
    </ClInclude>
    <ClInclude Include="External\SDL\include\SDL_platform.h">
      <Filter>External\SDL2</Filter>
    </ClInclude>
    <ClInclude Include="External\SDL\include\SDL_power.h">
      <Filter>External\SDL2</Filter>
    </ClInclude>
    <ClInclude Include="External\SDL\include\SDL_quit.h">
      <Filter>External\SDL2</Filter>
    </ClInclude>
    <ClInclude Include="External\SDL\include\SDL_rect.h">
      <Filter>External\SDL2</Filter>
    </ClInclude>
    <ClInclude Include="External\SDL\include\SDL_render.h">
      <Filter>External\SDL2</Filter>
    </ClInclude>
    <ClInclude Include="External\SDL\include\SDL_revision.h">
      <Filter>External\SDL2</Filter>
    </ClInclude>
    <ClInclude Include="External\SDL\include\SDL_rwops.h">
      <Filter>External\SDL2</Filter>
    </ClInclude>
    <ClInclude Include="External\SDL\include\SDL_scancode.h">
      <Filter>External\SDL2</Filter>
    </ClInclude>
    <ClInclude Include="External\SDL\include\SDL_sensor.h">
      <Filter>External\SDL2</Filter>
    </ClInclude>
    <ClInclude Include="External\SDL\include\SDL_shape.h">
      <Filter>External\SDL2</Filter>
    </ClInclude>
    <ClInclude Include="External\SDL\include\SDL_stdinc.h">
      <Filter>External\SDL2</Filter>
    </ClInclude>
    <ClInclude Include="External\SDL\include\SDL_surface.h">
      <Filter>External\SDL2</Filter>
    </ClInclude>
    <ClInclude Include="External\SDL\include\SDL_system.h">
      <Filter>External\SDL2</Filter>
    </ClInclude>
    <ClInclude Include="External\SDL\include\SDL_syswm.h">
      <Filter>External\SDL2</Filter>
    </ClInclude>
    <ClInclude Include="External\SDL\include\SDL_test.h">
      <Filter>External\SDL2</Filter>
    </ClInclude>
    <ClInclude Include="External\SDL\include\SDL_test_assert.h">
      <Filter>External\SDL2</Filter>
    </ClInclude>
    <ClInclude Include="External\SDL\include\SDL_test_common.h">
      <Filter>External\SDL2</Filter>
    </ClInclude>
    <ClInclude Include="External\SDL\include\SDL_test_compare.h">
      <Filter>External\SDL2</Filter>
    </ClInclude>
    <ClInclude Include="External\SDL\include\SDL_test_crc32.h">
      <Filter>External\SDL2</Filter>
    </ClInclude>
    <ClInclude Include="External\SDL\include\SDL_test_font.h">
      <Filter>External\SDL2</Filter>
    </ClInclude>
    <ClInclude Include="External\SDL\include\SDL_test_fuzzer.h">
      <Filter>External\SDL2</Filter>
    </ClInclude>
    <ClInclude Include="External\SDL\include\SDL_test_harness.h">
      <Filter>External\SDL2</Filter>
    </ClInclude>
    <ClInclude Include="External\SDL\include\SDL_test_images.h">
      <Filter>External\SDL2</Filter>
    </ClInclude>
    <ClInclude Include="External\SDL\include\SDL_test_log.h">
      <Filter>External\SDL2</Filter>
    </ClInclude>
    <ClInclude Include="External\SDL\include\SDL_test_md5.h">
      <Filter>External\SDL2</Filter>
    </ClInclude>
    <ClInclude Include="External\SDL\include\SDL_test_memory.h">
      <Filter>External\SDL2</Filter>
    </ClInclude>
    <ClInclude Include="External\SDL\include\SDL_test_random.h">
      <Filter>External\SDL2</Filter>
    </ClInclude>
    <ClInclude Include="External\SDL\include\SDL_thread.h">
      <Filter>External\SDL2</Filter>
    </ClInclude>
    <ClInclude Include="External\SDL\include\SDL_timer.h">
      <Filter>External\SDL2</Filter>
    </ClInclude>
    <ClInclude Include="External\SDL\include\SDL_touch.h">
      <Filter>External\SDL2</Filter>
    </ClInclude>
    <ClInclude Include="External\SDL\include\SDL_types.h">
      <Filter>External\SDL2</Filter>
    </ClInclude>
    <ClInclude Include="External\SDL\include\SDL_version.h">
      <Filter>External\SDL2</Filter>
    </ClInclude>
    <ClInclude Include="External\SDL\include\SDL_video.h">
      <Filter>External\SDL2</Filter>
    </ClInclude>
    <ClInclude Include="External\SDL\include\SDL_vulkan.h">
      <Filter>External\SDL2</Filter>
    </ClInclude>
    <ClInclude Include="External\FreeType\include\ft2build.h">
      <Filter>External\FreeType</Filter>
    </ClInclude>
    <ClInclude Include="External\FreeType\include\freetype\freetype.h">
      <Filter>External\FreeType</Filter>
    </ClInclude>
    <ClInclude Include="External\FreeType\include\freetype\ftadvanc.h">
      <Filter>External\FreeType</Filter>
    </ClInclude>
    <ClInclude Include="External\FreeType\include\freetype\ftbbox.h">
      <Filter>External\FreeType</Filter>
    </ClInclude>
    <ClInclude Include="External\FreeType\include\freetype\ftbdf.h">
      <Filter>External\FreeType</Filter>
    </ClInclude>
    <ClInclude Include="External\FreeType\include\freetype\ftbitmap.h">
      <Filter>External\FreeType</Filter>
    </ClInclude>
    <ClInclude Include="External\FreeType\include\freetype\ftbzip2.h">
      <Filter>External\FreeType</Filter>
    </ClInclude>
    <ClInclude Include="External\FreeType\include\freetype\ftcache.h">
      <Filter>External\FreeType</Filter>
    </ClInclude>
    <ClInclude Include="External\FreeType\include\freetype\ftchapters.h">
      <Filter>External\FreeType</Filter>
    </ClInclude>
    <ClInclude Include="External\FreeType\include\freetype\ftcid.h">
      <Filter>External\FreeType</Filter>
    </ClInclude>
    <ClInclude Include="External\FreeType\include\freetype\ftcolor.h">
      <Filter>External\FreeType</Filter>
    </ClInclude>
    <ClInclude Include="External\FreeType\include\freetype\ftdriver.h">
      <Filter>External\FreeType</Filter>
    </ClInclude>
    <ClInclude Include="External\FreeType\include\freetype\fterrdef.h">
      <Filter>External\FreeType</Filter>
    </ClInclude>
    <ClInclude Include="External\FreeType\include\freetype\fterrors.h">
      <Filter>External\FreeType</Filter>
    </ClInclude>
    <ClInclude Include="External\FreeType\include\freetype\ftfntfmt.h">
      <Filter>External\FreeType</Filter>
    </ClInclude>
    <ClInclude Include="External\FreeType\include\freetype\ftgasp.h">
      <Filter>External\FreeType</Filter>
    </ClInclude>
    <ClInclude Include="External\FreeType\include\freetype\ftglyph.h">
      <Filter>External\FreeType</Filter>
    </ClInclude>
    <ClInclude Include="External\FreeType\include\freetype\ftgxval.h">
      <Filter>External\FreeType</Filter>
    </ClInclude>
    <ClInclude Include="External\FreeType\include\freetype\ftgzip.h">
      <Filter>External\FreeType</Filter>
    </ClInclude>
    <ClInclude Include="External\FreeType\include\freetype\ftimage.h">
      <Filter>External\FreeType</Filter>
    </ClInclude>
    <ClInclude Include="External\FreeType\include\freetype\ftincrem.h">
      <Filter>External\FreeType</Filter>
    </ClInclude>
    <ClInclude Include="External\FreeType\include\freetype\ftlcdfil.h">
      <Filter>External\FreeType</Filter>
    </ClInclude>
    <ClInclude Include="External\FreeType\include\freetype\ftlist.h">
      <Filter>External\FreeType</Filter>
    </ClInclude>
    <ClInclude Include="External\FreeType\include\freetype\ftlzw.h">
      <Filter>External\FreeType</Filter>
    </ClInclude>
    <ClInclude Include="External\FreeType\include\freetype\ftmac.h">
      <Filter>External\FreeType</Filter>
    </ClInclude>
    <ClInclude Include="External\FreeType\include\freetype\ftmm.h">
      <Filter>External\FreeType</Filter>
    </ClInclude>
    <ClInclude Include="External\FreeType\include\freetype\ftmodapi.h">
      <Filter>External\FreeType</Filter>
    </ClInclude>
    <ClInclude Include="External\FreeType\include\freetype\ftmoderr.h">
      <Filter>External\FreeType</Filter>
    </ClInclude>
    <ClInclude Include="External\FreeType\include\freetype\ftotval.h">
      <Filter>External\FreeType</Filter>
    </ClInclude>
    <ClInclude Include="External\FreeType\include\freetype\ftoutln.h">
      <Filter>External\FreeType</Filter>
    </ClInclude>
    <ClInclude Include="External\FreeType\include\freetype\ftparams.h">
      <Filter>External\FreeType</Filter>
    </ClInclude>
    <ClInclude Include="External\FreeType\include\freetype\ftpfr.h">
      <Filter>External\FreeType</Filter>
    </ClInclude>
    <ClInclude Include="External\FreeType\include\freetype\ftrender.h">
      <Filter>External\FreeType</Filter>
    </ClInclude>
    <ClInclude Include="External\FreeType\include\freetype\ftsizes.h">
      <Filter>External\FreeType</Filter>
    </ClInclude>
    <ClInclude Include="External\FreeType\include\freetype\ftsnames.h">
      <Filter>External\FreeType</Filter>
    </ClInclude>
    <ClInclude Include="External\FreeType\include\freetype\ftstroke.h">
      <Filter>External\FreeType</Filter>
    </ClInclude>
    <ClInclude Include="External\FreeType\include\freetype\ftsynth.h">
      <Filter>External\FreeType</Filter>
    </ClInclude>
    <ClInclude Include="External\FreeType\include\freetype\ftsystem.h">
      <Filter>External\FreeType</Filter>
    </ClInclude>
    <ClInclude Include="External\FreeType\include\freetype\fttrigon.h">
      <Filter>External\FreeType</Filter>
    </ClInclude>
    <ClInclude Include="External\FreeType\include\freetype\fttypes.h">
      <Filter>External\FreeType</Filter>
    </ClInclude>
    <ClInclude Include="External\FreeType\include\freetype\ftwinfnt.h">
      <Filter>External\FreeType</Filter>
    </ClInclude>
    <ClInclude Include="External\FreeType\include\freetype\t1tables.h">
      <Filter>External\FreeType</Filter>
    </ClInclude>
    <ClInclude Include="External\FreeType\include\freetype\ttnameid.h">
      <Filter>External\FreeType</Filter>
    </ClInclude>
    <ClInclude Include="External\FreeType\include\freetype\tttables.h">
      <Filter>External\FreeType</Filter>
    </ClInclude>
    <ClInclude Include="External\FreeType\include\freetype\tttags.h">
      <Filter>External\FreeType</Filter>
    </ClInclude>
    <ClInclude Include="External\FreeType\include\freetype\config\ftconfig.h">
      <Filter>External\FreeType\Config</Filter>
    </ClInclude>
    <ClInclude Include="External\FreeType\include\freetype\config\ftheader.h">
      <Filter>External\FreeType\Config</Filter>
    </ClInclude>
    <ClInclude Include="External\FreeType\include\freetype\config\ftmodule.h">
      <Filter>External\FreeType\Config</Filter>
    </ClInclude>
    <ClInclude Include="External\FreeType\include\freetype\config\ftoption.h">
      <Filter>External\FreeType\Config</Filter>
    </ClInclude>
    <ClInclude Include="External\FreeType\include\freetype\config\ftstdlib.h">
      <Filter>External\FreeType\Config</Filter>
    </ClInclude>
    <ClInclude Include="External\GLAD\glad.h">
      <Filter>External\GLAD</Filter>
    </ClInclude>
    <ClInclude Include="External\GLAD\khrplatform.h">
      <Filter>External\GLAD</Filter>
    </ClInclude>
    <ClInclude Include="External\STB\stb_image.h">
      <Filter>External\STB</Filter>
    </ClInclude>
    <ClInclude Include="External\STB\stb_image_write.h">
      <Filter>External\STB</Filter>
    </ClInclude>
    <ClInclude Include="External\RobinMap\include\tsl\robin_growth_policy.h">
      <Filter>External\RobinMap</Filter>
    </ClInclude>
    <ClInclude Include="External\RobinMap\include\tsl\robin_hash.h">
      <Filter>External\RobinMap</Filter>
    </ClInclude>
    <ClInclude Include="External\RobinMap\include\tsl\robin_map.h">
      <Filter>External\RobinMap</Filter>
    </ClInclude>
    <ClInclude Include="External\RobinMap\include\tsl\robin_set.h">
      <Filter>External\RobinMap</Filter>
    </ClInclude>
    <ClInclude Include="Source\include\GLFunctions.h">
      <Filter>Header Files\Core</Filter>
    </ClInclude>
    <ClInclude Include="Source\include\Object.h">
      <Filter>Header Files\Core</Filter>
    </ClInclude>
    <ClInclude Include="Source\include\GameObject.h">
      <Filter>Header Files\Core</Filter>
    </ClInclude>
    <ClInclude Include="Source\include\Utility\Hasher.h">
      <Filter>Header Files\Core\Utility</Filter>
    </ClInclude>
    <ClInclude Include="Source\include\Component.h">
      <Filter>Header Files\Core</Filter>
    </ClInclude>
    <ClInclude Include="Source\include\Resources.h">
      <Filter>Header Files\Core</Filter>
    </ClInclude>
    <ClInclude Include="External\YAML\include\yaml-cpp\anchor.h">
      <Filter>External\YAML</Filter>
    </ClInclude>
    <ClInclude Include="External\YAML\include\yaml-cpp\binary.h">
      <Filter>External\YAML</Filter>
    </ClInclude>
    <ClInclude Include="External\YAML\include\yaml-cpp\dll.h">
      <Filter>External\YAML</Filter>
    </ClInclude>
    <ClInclude Include="External\YAML\include\yaml-cpp\emitfromevents.h">
      <Filter>External\YAML</Filter>
    </ClInclude>
    <ClInclude Include="External\YAML\include\yaml-cpp\emitter.h">
      <Filter>External\YAML</Filter>
    </ClInclude>
    <ClInclude Include="External\YAML\include\yaml-cpp\emitterdef.h">
      <Filter>External\YAML</Filter>
    </ClInclude>
    <ClInclude Include="External\YAML\include\yaml-cpp\emittermanip.h">
      <Filter>External\YAML</Filter>
    </ClInclude>
    <ClInclude Include="External\YAML\include\yaml-cpp\emitterstyle.h">
      <Filter>External\YAML</Filter>
    </ClInclude>
    <ClInclude Include="External\YAML\include\yaml-cpp\eventhandler.h">
      <Filter>External\YAML</Filter>
    </ClInclude>
    <ClInclude Include="External\YAML\include\yaml-cpp\exceptions.h">
      <Filter>External\YAML</Filter>
    </ClInclude>
    <ClInclude Include="External\YAML\include\yaml-cpp\mark.h">
      <Filter>External\YAML</Filter>
    </ClInclude>
    <ClInclude Include="External\YAML\include\yaml-cpp\null.h">
      <Filter>External\YAML</Filter>
    </ClInclude>
    <ClInclude Include="External\YAML\include\yaml-cpp\ostream_wrapper.h">
      <Filter>External\YAML</Filter>
    </ClInclude>
    <ClInclude Include="External\YAML\include\yaml-cpp\parser.h">
      <Filter>External\YAML</Filter>
    </ClInclude>
    <ClInclude Include="External\YAML\include\yaml-cpp\stlemitter.h">
      <Filter>External\YAML</Filter>
    </ClInclude>
    <ClInclude Include="External\YAML\include\yaml-cpp\traits.h">
      <Filter>External\YAML</Filter>
    </ClInclude>
    <ClInclude Include="External\YAML\include\yaml-cpp\yaml.h">
      <Filter>External\YAML</Filter>
    </ClInclude>
    <ClInclude Include="External\YAML\include\yaml-cpp\node\detail\bool_type.h">
      <Filter>External\YAML\Node\Detail</Filter>
    </ClInclude>
    <ClInclude Include="External\YAML\include\yaml-cpp\node\detail\impl.h">
      <Filter>External\YAML\Node\Detail</Filter>
    </ClInclude>
    <ClInclude Include="External\YAML\include\yaml-cpp\node\detail\iterator.h">
      <Filter>External\YAML\Node\Detail</Filter>
    </ClInclude>
    <ClInclude Include="External\YAML\include\yaml-cpp\node\detail\iterator_fwd.h">
      <Filter>External\YAML\Node\Detail</Filter>
    </ClInclude>
    <ClInclude Include="External\YAML\include\yaml-cpp\node\detail\memory.h">
      <Filter>External\YAML\Node\Detail</Filter>
    </ClInclude>
    <ClInclude Include="External\YAML\include\yaml-cpp\node\detail\node.h">
      <Filter>External\YAML\Node\Detail</Filter>
    </ClInclude>
    <ClInclude Include="External\YAML\include\yaml-cpp\node\detail\node_data.h">
      <Filter>External\YAML\Node\Detail</Filter>
    </ClInclude>
    <ClInclude Include="External\YAML\include\yaml-cpp\node\detail\node_iterator.h">
      <Filter>External\YAML\Node\Detail</Filter>
    </ClInclude>
    <ClInclude Include="External\YAML\include\yaml-cpp\node\detail\node_ref.h">
      <Filter>External\YAML\Node\Detail</Filter>
    </ClInclude>
    <ClInclude Include="External\YAML\include\yaml-cpp\node\convert.h">
      <Filter>External\YAML\Node</Filter>
    </ClInclude>
    <ClInclude Include="External\YAML\include\yaml-cpp\node\emit.h">
      <Filter>External\YAML\Node</Filter>
    </ClInclude>
    <ClInclude Include="External\YAML\include\yaml-cpp\node\impl.h">
      <Filter>External\YAML\Node</Filter>
    </ClInclude>
    <ClInclude Include="External\YAML\include\yaml-cpp\node\iterator.h">
      <Filter>External\YAML\Node</Filter>
    </ClInclude>
    <ClInclude Include="External\YAML\include\yaml-cpp\node\node.h">
      <Filter>External\YAML\Node</Filter>
    </ClInclude>
    <ClInclude Include="External\YAML\include\yaml-cpp\node\parse.h">
      <Filter>External\YAML\Node</Filter>
    </ClInclude>
    <ClInclude Include="External\YAML\include\yaml-cpp\node\ptr.h">
      <Filter>External\YAML\Node</Filter>
    </ClInclude>
    <ClInclude Include="External\YAML\include\yaml-cpp\node\type.h">
      <Filter>External\YAML\Node</Filter>
    </ClInclude>
    <ClInclude Include="External\YAML\include\yaml-cpp\contrib\anchordict.h">
      <Filter>External\YAML\Contrib</Filter>
    </ClInclude>
    <ClInclude Include="External\YAML\include\yaml-cpp\contrib\graphbuilder.h">
      <Filter>External\YAML\Contrib</Filter>
    </ClInclude>
    <ClInclude Include="Source\include\ResourceShaderProgram.h">
      <Filter>Header Files\Core</Filter>
    </ClInclude>
    <ClInclude Include="Source\include\ResourceShaderStage.h">
      <Filter>Header Files\Core</Filter>
    </ClInclude>
    <ClInclude Include="Source\include\Observer.h">
      <Filter>Header Files\Core</Filter>
    </ClInclude>
    <ClInclude Include="Source\include\Property.h">
      <Filter>Header Files\Core</Filter>
    </ClInclude>
    <ClInclude Include="Source\include\Task.h">
      <Filter>Header Files\Core</Filter>
    </ClInclude>
    <ClInclude Include="Source\include\RenderPipeline.h">
      <Filter>Header Files\Core</Filter>
    </ClInclude>
    <ClInclude Include="Source\include\Components\Renderer.h">
      <Filter>Header Files\Core\Components</Filter>
    </ClInclude>
    <ClInclude Include="Source\include\RenderStage.h">
      <Filter>Header Files\Core</Filter>
    </ClInclude>
    <ClInclude Include="Source\include\Event.h">
      <Filter>Header Files\Core</Filter>
    </ClInclude>
    <ClInclude Include="Source\include\Application.h">
      <Filter>Header Files\Core</Filter>
    </ClInclude>
    <ClInclude Include="Source\include\ResourceGroupManager.h">
      <Filter>Header Files\Core</Filter>
    </ClInclude>
    <ClInclude Include="Source\include\ResourceManager.h">
      <Filter>Header Files\Core</Filter>
    </ClInclude>
    <ClInclude Include="Source\include\ResourceHolder.h">
      <Filter>Header Files\Core</Filter>
    </ClInclude>
    <ClInclude Include="Source\include\Resources\ShaderStageResource.h">
      <Filter>Header Files\Core\Resources</Filter>
    </ClInclude>
    <ClInclude Include="Source\include\Resources\ShaderStageManager.h">
      <Filter>Header Files\Core\Resources</Filter>
    </ClInclude>
    <ClInclude Include="Source\include\ApplicationRenderer.h">
      <Filter>Header Files\Core</Filter>
    </ClInclude>
    <ClInclude Include="Source\include\AudioSample.h">
      <Filter>Header Files\Core</Filter>
    </ClInclude>
  </ItemGroup>
  <ItemGroup>
    <ClCompile Include="Source\source\Bitmap.cpp">
      <Filter>Source Files\Core</Filter>
    </ClCompile>
    <ClCompile Include="Source\source\CoreTime.cpp">
      <Filter>Source Files\Core</Filter>
    </ClCompile>
    <ClCompile Include="Source\source\EdgeHolder.cpp">
      <Filter>Source Files\Core</Filter>
    </ClCompile>
    <ClCompile Include="Source\source\EdgeSegments.cpp">
      <Filter>Source Files\Core</Filter>
    </ClCompile>
    <ClCompile Include="Source\source\FileManager.cpp">
      <Filter>Source Files\Core</Filter>
    </ClCompile>
    <ClCompile Include="Source\source\FileStream.cpp">
      <Filter>Source Files\Core</Filter>
    </ClCompile>
    <ClCompile Include="Source\source\Font.cpp">
      <Filter>Source Files\Core</Filter>
    </ClCompile>
    <ClCompile Include="Source\source\Glyph.cpp">
      <Filter>Source Files\Core</Filter>
    </ClCompile>
    <ClCompile Include="Source\source\IIdentifier.cpp">
      <Filter>Source Files\Core</Filter>
    </ClCompile>
    <ClCompile Include="Source\source\Material.cpp">
      <Filter>Source Files\Core</Filter>
    </ClCompile>
    <ClCompile Include="Source\source\Mesh.cpp">
      <Filter>Source Files\Core</Filter>
    </ClCompile>
    <ClCompile Include="Source\source\MeshLoader.cpp">
      <Filter>Source Files\Core</Filter>
    </ClCompile>
    <ClCompile Include="Source\source\RenderTarget.cpp">
      <Filter>Source Files\Core</Filter>
    </ClCompile>
    <ClCompile Include="Source\source\ShaderProgram.cpp">
      <Filter>Source Files\Core</Filter>
    </ClCompile>
    <ClCompile Include="Source\source\ShaderStage.cpp">
      <Filter>Source Files\Core</Filter>
    </ClCompile>
    <ClCompile Include="Source\source\Space.cpp">
      <Filter>Source Files\Core</Filter>
    </ClCompile>
    <ClCompile Include="Source\source\Text2DGenerator.cpp">
      <Filter>Source Files\Core</Filter>
    </ClCompile>
    <ClCompile Include="Source\source\Texture.cpp">
      <Filter>Source Files\Core</Filter>
    </ClCompile>
    <ClCompile Include="Source\source\Texture2D.cpp">
      <Filter>Source Files\Core</Filter>
    </ClCompile>
    <ClCompile Include="Source\source\Texture3D.cpp">
      <Filter>Source Files\Core</Filter>
    </ClCompile>
    <ClCompile Include="Source\source\Window.cpp">
      <Filter>Source Files\Core</Filter>
    </ClCompile>
    <ClCompile Include="Source\source\Utility\DeviceFunctions.cpp">
      <Filter>Source Files\Core\Utility</Filter>
    </ClCompile>
    <ClCompile Include="Source\source\Utility\SDFGenerator.cpp">
      <Filter>Source Files\Core\Utility</Filter>
    </ClCompile>
    <ClCompile Include="Source\source\Utility\TexturePacking.cpp">
      <Filter>Source Files\Core\Utility</Filter>
    </ClCompile>
    <ClCompile Include="Source\source\Utility\Timer.cpp">
      <Filter>Source Files\Core\Utility</Filter>
    </ClCompile>
    <ClCompile Include="Source\source\main.cpp">
      <Filter>Source Files</Filter>
    </ClCompile>
    <ClCompile Include="Source\source\Shape2DContour.cpp">
      <Filter>Source Files\Core</Filter>
    </ClCompile>
    <ClCompile Include="Source\source\Shape2D.cpp">
      <Filter>Source Files\Core</Filter>
    </ClCompile>
    <ClCompile Include="Source\source\Utility\LogCore.cpp">
      <Filter>Source Files\Core\Utility</Filter>
    </ClCompile>
    <ClCompile Include="Source\source\Text.cpp">
      <Filter>Source Files\Core</Filter>
    </ClCompile>
    <ClCompile Include="Source\source\ImageLoader.cpp">
      <Filter>Source Files\Core</Filter>
    </ClCompile>
    <ClCompile Include="Source\source\Transform.cpp">
      <Filter>Source Files\Core</Filter>
    </ClCompile>
    <ClCompile Include="Source\source\Cubemap.cpp">
      <Filter>Source Files\Core</Filter>
    </ClCompile>
    <ClCompile Include="Source\source\OBJLoader.cpp">
      <Filter>Source Files\Core</Filter>
    </ClCompile>
    <ClCompile Include="Source\source\FBXLoader.cpp">
      <Filter>Source Files\Core</Filter>
    </ClCompile>
    <ClCompile Include="External\GLAD\glad.c">
      <Filter>External\GLAD</Filter>
    </ClCompile>
    <ClCompile Include="Source\source\Object.cpp">
      <Filter>Source Files\Core</Filter>
    </ClCompile>
    <ClCompile Include="Source\source\GameObject.cpp">
      <Filter>Source Files\Core</Filter>
    </ClCompile>
    <ClCompile Include="Source\source\Component.cpp">
      <Filter>Source Files\Core</Filter>
    </ClCompile>
    <ClCompile Include="Source\source\Resources.cpp">
      <Filter>Source Files\Core</Filter>
    </ClCompile>
    <ClCompile Include="Source\source\ResourceShaderProgram.cpp">
      <Filter>Source Files\Core</Filter>
    </ClCompile>
    <ClCompile Include="Source\source\ResourceShaderStage.cpp">
      <Filter>Source Files\Core</Filter>
    </ClCompile>
    <ClCompile Include="Source\source\Observer.cpp">
      <Filter>Source Files\Core</Filter>
    </ClCompile>
    <ClCompile Include="Source\source\RenderPipeline.cpp">
      <Filter>Source Files\Core</Filter>
    </ClCompile>
    <ClCompile Include="Source\source\Components\Renderer.cpp">
      <Filter>Source Files\Core\Components</Filter>
    </ClCompile>
    <ClCompile Include="Source\source\RenderStage.cpp">
      <Filter>Source Files\Core</Filter>
    </ClCompile>
    <ClCompile Include="Source\source\Application.cpp">
      <Filter>Source Files\Core</Filter>
    </ClCompile>
    <ClCompile Include="Source\source\ResourceManager.cpp">
      <Filter>Source Files\Core</Filter>
    </ClCompile>
    <ClCompile Include="Source\source\ResourceHolder.cpp">
      <Filter>Source Files\Core</Filter>
    </ClCompile>
    <ClCompile Include="Source\source\Resources\ShaderStageResource.cpp">
      <Filter>Source Files\Core\Resources</Filter>
    </ClCompile>
    <ClCompile Include="Source\source\Resources\ShaderStageManager.cpp">
      <Filter>Source Files\Core\Resources</Filter>
    </ClCompile>
    <ClCompile Include="Source\source\AudioSample.cpp">
      <Filter>Source Files\Core</Filter>
    </ClCompile>
  </ItemGroup>
  <ItemGroup>
    <None Include="Resources\Shaders\Base.vertex.glsl">
      <Filter>Shaders</Filter>
    </None>
    <None Include="Resources\Shaders\BRDF.fragment.glsl">
      <Filter>Shaders</Filter>
    </None>
    <None Include="Resources\Shaders\DSPBR.fragment.glsl">
      <Filter>Shaders</Filter>
    </None>
    <None Include="Resources\Shaders\GeometryBase.vertex.glsl">
      <Filter>Shaders</Filter>
    </None>
    <None Include="Resources\Shaders\Passthrough.vertex.glsl">
      <Filter>Shaders</Filter>
    </None>
    <None Include="Resources\Shaders\PBRBase.fragment.glsl">
      <Filter>Shaders</Filter>
    </None>
    <None Include="Resources\Shaders\RenderText.fragment.glsl">
      <Filter>Shaders</Filter>
    </None>
    <None Include="Resources\Shaders\RenderTexture.fragment.glsl">
      <Filter>Shaders</Filter>
    </None>
    <None Include="Resources\Shaders\Unlit.fragment.glsl">
      <Filter>Shaders</Filter>
    </None>
    <None Include="Resources\Shaders\UnlitBase.fragment.glsl">
      <Filter>Shaders</Filter>
    </None>
    <None Include="Resources\Shaders\Voxelizer.geometry.glsl">
      <Filter>Shaders</Filter>
    </None>
    <None Include="Resources\Shaders\Voxelizer.vertex.glsl">
      <Filter>Shaders</Filter>
    </None>
    <None Include="Source\include\Math\IntVector2.inl">
      <Filter>Header Files\Core\Math</Filter>
    </None>
    <None Include="Source\include\Math\IntVector3.inl">
      <Filter>Header Files\Core\Math</Filter>
    </None>
    <None Include="Source\include\Math\MathUtility.inl">
      <Filter>Header Files\Core\Math</Filter>
    </None>
    <None Include="Source\include\Math\Matrix3x3.inl">
      <Filter>Header Files\Core\Math</Filter>
    </None>
    <None Include="Source\include\Math\Matrix4x4.inl">
      <Filter>Header Files\Core\Math</Filter>
    </None>
    <None Include="Source\include\Math\Quaternion.inl">
      <Filter>Header Files\Core\Math</Filter>
    </None>
    <None Include="Source\include\Math\Ray.inl">
      <Filter>Header Files\Core\Math</Filter>
    </None>
    <None Include="Source\include\Math\Vector2.inl">
      <Filter>Header Files\Core\Math</Filter>
    </None>
    <None Include="Source\include\Math\Vector3.inl">
      <Filter>Header Files\Core\Math</Filter>
    </None>
    <None Include="Source\include\Math\Vector4.inl">
      <Filter>Header Files\Core\Math</Filter>
    </None>
    <None Include="External\SDL\include\SDL_config.h.cmake">
      <Filter>External\SDL2</Filter>
    </None>
    <None Include="External\SDL\include\SDL_config.h.in">
      <Filter>External\SDL2</Filter>
    </None>
  </ItemGroup>
  <ItemGroup>
    <ResourceCompile Include="EmptySource.rc">
      <Filter>Resource Files</Filter>
    </ResourceCompile>
  </ItemGroup>
  <ItemGroup>
    <Image Include="EmptySource.ico">
      <Filter>Resource Files</Filter>
    </Image>
  </ItemGroup>
</Project>