<?xml version="1.0" encoding="utf-8"?>
<Project ToolsVersion="4.0" xmlns="http://schemas.microsoft.com/developer/msbuild/2003">
  <ItemGroup>
    <Filter Include="Source Files">
      <UniqueIdentifier>{4FC737F1-C7A5-4376-A066-2A32D752A2FF}</UniqueIdentifier>
      <Extensions>cpp;c;cc;cxx;def;odl;idl;hpj;bat;asm;asmx</Extensions>
    </Filter>
    <Filter Include="Header Files">
      <UniqueIdentifier>{93995380-89BD-4b04-88EB-625FBE52EBFB}</UniqueIdentifier>
      <Extensions>h;hh;hpp;hxx;hm;inl;inc;ipp;xsd</Extensions>
    </Filter>
    <Filter Include="Resource Files">
      <UniqueIdentifier>{67DA6AB6-F800-4c08-8B7A-83BB121AAD01}</UniqueIdentifier>
      <Extensions>rc;ico;cur;bmp;dlg;rc2;rct;bin;rgs;gif;jpg;jpeg;jpe;resx;tiff;tif;png;wav;mfcribbon-ms</Extensions>
    </Filter>
    <Filter Include="Header Files\External">
      <UniqueIdentifier>{e23ff412-a445-4c33-b0a2-d4194bdff52c}</UniqueIdentifier>
    </Filter>
    <Filter Include="Header Files\External\GLFW">
      <UniqueIdentifier>{1ba83e30-7371-43cc-bee9-a529e0c5e8d7}</UniqueIdentifier>
    </Filter>
    <Filter Include="Source Files\External">
      <UniqueIdentifier>{f3ae04b5-3089-4e00-b1e2-9473f66b2efb}</UniqueIdentifier>
    </Filter>
    <Filter Include="Source Files\Core">
      <UniqueIdentifier>{4af8b778-0f19-4ae1-90ce-717bcecb1ae9}</UniqueIdentifier>
    </Filter>
    <Filter Include="Header Files\External\GLAD">
      <UniqueIdentifier>{68600d9b-8bbc-4e1c-8b10-00a387caa922}</UniqueIdentifier>
    </Filter>
    <Filter Include="Header Files\Core">
      <UniqueIdentifier>{3a6cfacd-6be6-4a4a-9b76-2fae258ad588}</UniqueIdentifier>
    </Filter>
    <Filter Include="Shaders">
      <UniqueIdentifier>{81659dac-8b3c-41ea-9e4d-f2ccd577285b}</UniqueIdentifier>
    </Filter>
    <Filter Include="Header Files\Core\Math">
      <UniqueIdentifier>{3fbef7f1-3104-42e9-ac93-e7951c99cb19}</UniqueIdentifier>
    </Filter>
    <Filter Include="Header Files\Core\Utility">
      <UniqueIdentifier>{95b5a43f-091a-46cd-b271-d3e43cb74443}</UniqueIdentifier>
    </Filter>
    <Filter Include="Source Files\Core\Utility">
      <UniqueIdentifier>{57393333-3b79-40ae-b8ac-b0d51768b942}</UniqueIdentifier>
    </Filter>
    <Filter Include="Source Files\CUDA Test">
      <UniqueIdentifier>{f7a409a1-077c-45cf-8e36-6918fc925195}</UniqueIdentifier>
    </Filter>
  </ItemGroup>
  <ItemGroup>
    <ClInclude Include="Source\External\GLFW\glfw3.h">
      <Filter>Header Files\External\GLFW</Filter>
    </ClInclude>
    <ClInclude Include="Source\External\GLFW\glfw3native.h">
      <Filter>Header Files\External\GLFW</Filter>
    </ClInclude>
    <ClInclude Include="Source\External\GLAD\include\glad.h">
      <Filter>Header Files\External\GLAD</Filter>
    </ClInclude>
    <ClInclude Include="Source\External\GLAD\include\khrplatform.h">
      <Filter>Header Files\External\GLAD</Filter>
    </ClInclude>
    <ClInclude Include="Source\EmptySource\include\Window.h">
      <Filter>Header Files\Core</Filter>
    </ClInclude>
    <ClInclude Include="Source\EmptySource\include\Mesh.h">
      <Filter>Header Files\Core</Filter>
    </ClInclude>
    <ClInclude Include="Source\EmptySource\include\Shader.h">
      <Filter>Header Files\Core</Filter>
    </ClInclude>
    <ClInclude Include="Source\EmptySource\include\FileManager.h">
      <Filter>Header Files\Core</Filter>
    </ClInclude>
    <ClInclude Include="Source\EmptySource\include\CoreTypes.h">
      <Filter>Header Files\Core</Filter>
    </ClInclude>
    <ClInclude Include="Source\EmptySource\include\Core.h">
      <Filter>Header Files\Core</Filter>
    </ClInclude>
    <ClInclude Include="Source\EmptySource\include\Application.h">
      <Filter>Header Files\Core</Filter>
    </ClInclude>
    <ClInclude Include="Source\EmptySource\include\Math\IntVector3.h">
      <Filter>Header Files\Core\Math</Filter>
    </ClInclude>
    <ClInclude Include="Source\EmptySource\include\Math\Math.h">
      <Filter>Header Files\Core\Math</Filter>
    </ClInclude>
    <ClInclude Include="Source\EmptySource\include\Math\Matrix3x3.h">
      <Filter>Header Files\Core\Math</Filter>
    </ClInclude>
    <ClInclude Include="Source\EmptySource\include\Math\Matrix4x4.h">
      <Filter>Header Files\Core\Math</Filter>
    </ClInclude>
    <ClInclude Include="Source\EmptySource\include\Math\Vector2.h">
      <Filter>Header Files\Core\Math</Filter>
    </ClInclude>
    <ClInclude Include="Source\EmptySource\include\Math\Vector3.h">
      <Filter>Header Files\Core\Math</Filter>
    </ClInclude>
    <ClInclude Include="Source\EmptySource\include\Math\Vector4.h">
      <Filter>Header Files\Core\Math</Filter>
    </ClInclude>
    <ClInclude Include="Source\EmptySource\include\FileStream.h">
      <Filter>Header Files\Core</Filter>
    </ClInclude>
    <ClInclude Include="Source\EmptySource\include\Space.h">
      <Filter>Header Files\Core</Filter>
    </ClInclude>
    <ClInclude Include="Source\EmptySource\include\IIdentifier.h">
      <Filter>Header Files\Core</Filter>
    </ClInclude>
    <ClInclude Include="Source\EmptySource\include\Object.h">
      <Filter>Header Files\Core</Filter>
    </ClInclude>
    <ClInclude Include="Source\EmptySource\include\Time.h">
      <Filter>Header Files\Core</Filter>
    </ClInclude>
    <ClInclude Include="Source\EmptySource\include\Material.h">
      <Filter>Header Files\Core</Filter>
    </ClInclude>
    <ClInclude Include="Source\EmptySource\include\MeshLoader.h">
      <Filter>Header Files\Core</Filter>
    </ClInclude>
    <ClInclude Include="Source\EmptySource\include\Graphics.h">
      <Filter>Header Files\Core</Filter>
    </ClInclude>
    <ClInclude Include="Source\EmptySource\include\Text.h">
      <Filter>Header Files\Core</Filter>
    </ClInclude>
    <ClInclude Include="Source\EmptySource\include\Math\Quaternion.h">
      <Filter>Header Files\Core\Math</Filter>
    </ClInclude>
    <ClInclude Include="Source\EmptySource\include\ShaderProgram.h">
      <Filter>Header Files\Core</Filter>
    </ClInclude>
    <ClInclude Include="Source\EmptySource\include\Math\MathUtility.h">
      <Filter>Header Files\Core\Math</Filter>
    </ClInclude>
    <ClInclude Include="Source\EmptySource\include\RenderingCore.h">
      <Filter>Header Files\Core</Filter>
    </ClInclude>
    <ClInclude Include="Source\EmptySource\include\Utility\LogCore.h">
      <Filter>Header Files\Core\Utility</Filter>
    </ClInclude>
    <ClInclude Include="Source\EmptySource\include\Utility\Timer.h">
      <Filter>Header Files\Core\Utility</Filter>
    </ClInclude>
    <ClInclude Include="Source\EmptySource\include\Utility\CUDAUtility.h">
      <Filter>Header Files\Core\Utility</Filter>
    </ClInclude>
  </ItemGroup>
  <ItemGroup>
    <ClCompile Include="Source\External\GLAD\src\glad.c">
      <Filter>Header Files\External\GLAD</Filter>
    </ClCompile>
    <ClCompile Include="Source\EmptySource\source\main.cpp">
      <Filter>Source Files</Filter>
    </ClCompile>
    <ClCompile Include="Source\EmptySource\source\Application.cpp">
      <Filter>Source Files\Core</Filter>
    </ClCompile>
    <ClCompile Include="Source\EmptySource\source\FileManager.cpp">
      <Filter>Source Files\Core</Filter>
    </ClCompile>
    <ClCompile Include="Source\EmptySource\source\Mesh.cpp">
      <Filter>Source Files\Core</Filter>
    </ClCompile>
    <ClCompile Include="Source\EmptySource\source\Shader.cpp">
      <Filter>Source Files\Core</Filter>
    </ClCompile>
    <ClCompile Include="Source\EmptySource\source\Window.cpp">
      <Filter>Source Files\Core</Filter>
    </ClCompile>
    <ClCompile Include="Source\EmptySource\source\FileStream.cpp">
      <Filter>Source Files\Core</Filter>
    </ClCompile>
    <ClCompile Include="Source\EmptySource\source\Space.cpp">
      <Filter>Source Files\Core</Filter>
    </ClCompile>
    <ClCompile Include="Source\EmptySource\source\IIdentifier.cpp">
      <Filter>Source Files\Core</Filter>
    </ClCompile>
    <ClCompile Include="Source\EmptySource\source\Object.cpp">
      <Filter>Source Files\Core</Filter>
    </ClCompile>
    <ClCompile Include="Source\EmptySource\source\Time.cpp">
      <Filter>Source Files\Core</Filter>
    </ClCompile>
    <ClCompile Include="Source\EmptySource\source\Material.cpp">
      <Filter>Source Files\Core</Filter>
    </ClCompile>
    <ClCompile Include="Source\EmptySource\source\MeshLoader.cpp">
      <Filter>Source Files\Core</Filter>
    </ClCompile>
    <ClCompile Include="Source\EmptySource\source\ShaderProgram.cpp">
      <Filter>Source Files\Core</Filter>
    </ClCompile>
    <ClCompile Include="Source\EmptySource\source\Utility\Timer.cpp">
      <Filter>Source Files\Core\Utility</Filter>
    </ClCompile>
  </ItemGroup>
  <ItemGroup>
    <None Include="Source\EmptySource\include\Math\IntVector3.inl">
      <Filter>Header Files\Core\Math</Filter>
    </None>
    <None Include="Source\EmptySource\include\Math\Matrix3x3.inl">
      <Filter>Header Files\Core\Math</Filter>
    </None>
    <None Include="Source\EmptySource\include\Math\Matrix4x4.inl">
      <Filter>Header Files\Core\Math</Filter>
    </None>
    <None Include="Source\EmptySource\include\Math\Vector2.inl">
      <Filter>Header Files\Core\Math</Filter>
    </None>
    <None Include="Source\EmptySource\include\Math\Vector3.inl">
      <Filter>Header Files\Core\Math</Filter>
    </None>
    <None Include="Source\EmptySource\include\Math\Vector4.inl">
      <Filter>Header Files\Core\Math</Filter>
    </None>
    <None Include="Source\EmptySource\include\Math\Quaternion.inl">
      <Filter>Header Files\Core\Math</Filter>
    </None>
    <None Include="Data\Shaders\Base.vertex.glsl">
      <Filter>Shaders</Filter>
    </None>
    <None Include="Data\Shaders\BRDF.fragment.glsl">
      <Filter>Shaders</Filter>
    </None>
    <None Include="Data\Shaders\DSPBR.fragment.glsl">
      <Filter>Shaders</Filter>
    </None>
    <None Include="Data\Shaders\PBRBase.fragment.glsl">
      <Filter>Shaders</Filter>
    </None>
    <None Include="Data\Shaders\Unlit.fragment.glsl">
      <Filter>Shaders</Filter>
    </None>
    <None Include="Data\Shaders\UnlitBase.fragment.glsl">
      <Filter>Shaders</Filter>
    </None>
    <None Include="Source\EmptySource\include\Math\MathUtility.inl">
      <Filter>Header Files\Core\Math</Filter>
    </None>
  </ItemGroup>
  <ItemGroup>
    <CudaCompile Include="Source\EmptySource\source\Utility\CUDAExample.cu">
      <Filter>Source Files\CUDA Test</Filter>
    </CudaCompile>
    <CudaCompile Include="Source\EmptySource\source\BoundingBox.cu">
      <Filter>Source Files\CUDA Test</Filter>
    </CudaCompile>
  </ItemGroup>
</Project>