<?xml version="1.0" encoding="utf-8"?>
<Project ToolsVersion="4.0" xmlns="http://schemas.microsoft.com/developer/msbuild/2003">
  <ItemGroup>
    <Filter Include="Source Files">
      <UniqueIdentifier>{4FC737F1-C7A5-4376-A066-2A32D752A2FF}</UniqueIdentifier>
      <Extensions>cpp;c;cc;cxx;def;odl;idl;hpj;bat;asm;asmx</Extensions>
    </Filter>
    <Filter Include="Header Files">
      <UniqueIdentifier>{93995380-89BD-4b04-88EB-625FBE52EBFB}</UniqueIdentifier>
      <Extensions>h;hh;hpp;hxx;hm;inl;inc;ipp;xsd</Extensions>
    </Filter>
    <Filter Include="Resource Files">
      <UniqueIdentifier>{67DA6AB6-F800-4c08-8B7A-83BB121AAD01}</UniqueIdentifier>
      <Extensions>rc;ico;cur;bmp;dlg;rc2;rct;bin;rgs;gif;jpg;jpeg;jpe;resx;tiff;tif;png;wav;mfcribbon-ms</Extensions>
    </Filter>
    <Filter Include="Header Files\External">
      <UniqueIdentifier>{e23ff412-a445-4c33-b0a2-d4194bdff52c}</UniqueIdentifier>
    </Filter>
    <Filter Include="Header Files\External\GLFW">
      <UniqueIdentifier>{1ba83e30-7371-43cc-bee9-a529e0c5e8d7}</UniqueIdentifier>
    </Filter>
    <Filter Include="Source Files\External">
      <UniqueIdentifier>{f3ae04b5-3089-4e00-b1e2-9473f66b2efb}</UniqueIdentifier>
    </Filter>
    <Filter Include="Source Files\Core">
      <UniqueIdentifier>{4af8b778-0f19-4ae1-90ce-717bcecb1ae9}</UniqueIdentifier>
    </Filter>
    <Filter Include="Header Files\External\GLAD">
      <UniqueIdentifier>{68600d9b-8bbc-4e1c-8b10-00a387caa922}</UniqueIdentifier>
    </Filter>
    <Filter Include="Header Files\Core">
      <UniqueIdentifier>{3a6cfacd-6be6-4a4a-9b76-2fae258ad588}</UniqueIdentifier>
    </Filter>
    <Filter Include="Shaders">
      <UniqueIdentifier>{81659dac-8b3c-41ea-9e4d-f2ccd577285b}</UniqueIdentifier>
    </Filter>
  </ItemGroup>
  <ItemGroup>
    <ClInclude Include="Source\External\GLFW\glfw3.h">
      <Filter>Header Files\External\GLFW</Filter>
    </ClInclude>
    <ClInclude Include="Source\External\GLFW\glfw3native.h">
      <Filter>Header Files\External\GLFW</Filter>
    </ClInclude>
    <ClInclude Include="Source\External\GLAD\include\glad.h">
      <Filter>Header Files\External\GLAD</Filter>
    </ClInclude>
    <ClInclude Include="Source\External\GLAD\include\khrplatform.h">
      <Filter>Header Files\External\GLAD</Filter>
    </ClInclude>
    <ClInclude Include="Source\EmptySource\include\SWindow.h">
      <Filter>Header Files\Core</Filter>
    </ClInclude>
    <ClInclude Include="Source\EmptySource\include\EmptyHeaders.h">
      <Filter>Header Files\Core</Filter>
    </ClInclude>
    <ClInclude Include="Source\EmptySource\include\SApplication.h">
      <Filter>Header Files\Core</Filter>
    </ClInclude>
    <ClInclude Include="Source\EmptySource\include\SMath.h">
      <Filter>Header Files\Core</Filter>
    </ClInclude>
    <ClInclude Include="Source\EmptySource\include\FVector2.h">
      <Filter>Header Files\Core</Filter>
    </ClInclude>
    <ClInclude Include="Source\EmptySource\include\FVector3.h">
      <Filter>Header Files\Core</Filter>
    </ClInclude>
    <ClInclude Include="Source\EmptySource\include\FMatrix3x3.h">
      <Filter>Header Files\Core</Filter>
    </ClInclude>
    <ClInclude Include="Source\EmptySource\include\FMatrix4x4.h">
      <Filter>Header Files\Core</Filter>
    </ClInclude>
    <ClInclude Include="Source\EmptySource\include\FVector4.h">
      <Filter>Header Files\Core</Filter>
    </ClInclude>
  </ItemGroup>
  <ItemGroup>
    <ClCompile Include="Source\External\GLAD\src\glad.c">
      <Filter>Header Files\External\GLAD</Filter>
    </ClCompile>
    <ClCompile Include="Source\EmptySource\source\SWindow.cpp">
      <Filter>Source Files\Core</Filter>
    </ClCompile>
    <ClCompile Include="Source\EmptySource\source\main.cpp">
      <Filter>Source Files</Filter>
    </ClCompile>
    <ClCompile Include="Source\EmptySource\source\SApplication.cpp">
      <Filter>Source Files\Core</Filter>
    </ClCompile>
    <ClCompile Include="Source\EmptySource\source\FVector2.cpp">
      <Filter>Source Files\Core</Filter>
    </ClCompile>
    <ClCompile Include="Source\EmptySource\include\FVector3.cpp">
      <Filter>Source Files\Core</Filter>
    </ClCompile>
    <ClCompile Include="Source\EmptySource\source\FMatrix3x3.cpp">
      <Filter>Source Files\Core</Filter>
    </ClCompile>
    <ClCompile Include="Source\EmptySource\source\FMatrix4x4.cpp">
      <Filter>Source Files\Core</Filter>
    </ClCompile>
    <ClCompile Include="Source\EmptySource\source\FVector4.cpp">
      <Filter>Source Files\Core</Filter>
    </ClCompile>
  </ItemGroup>
  <ItemGroup>
    <None Include="Data\Shaders\UnlitBase.fragment.glsl">
      <Filter>Shaders</Filter>
    </None>
    <None Include="Data\Shaders\UnlitBase.vertex.glsl">
      <Filter>Shaders</Filter>
    </None>
  </ItemGroup>
</Project>