
Microsoft Visual Studio Solution File, Format Version 12.00
# Visual Studio 15
VisualStudioVersion = 15.0.28010.2026
MinimumVisualStudioVersion = 10.0.40219.1
Project("{8BC9CEB8-8B4A-11D0-8D11-00A0C91BC942}") = "EmptySource", "EmptySource\EmptySource.vcxproj", "{BCB96236-02F4-40DA-AAE3-91AD5473468B}"
EndProject
Global
	GlobalSection(SolutionConfigurationPlatforms) = preSolution
		Debug|x64 = Debug|x64
		Release|x64 = Release|x64
	EndGlobalSection
	GlobalSection(ProjectConfigurationPlatforms) = postSolution
		{BCB96236-02F4-40DA-AAE3-91AD5473468B}.Debug|x64.ActiveCfg = Debug|x64
		{BCB96236-02F4-40DA-AAE3-91AD5473468B}.Debug|x64.Build.0 = Debug|x64
		{BCB96236-02F4-40DA-AAE3-91AD5473468B}.Release|x64.ActiveCfg = Release|x64
		{BCB96236-02F4-40DA-AAE3-91AD5473468B}.Release|x64.Build.0 = Release|x64
	EndGlobalSection
	GlobalSection(SolutionProperties) = preSolution
		HideSolutionNode = FALSE
	EndGlobalSection
	GlobalSection(ExtensibilityGlobals) = postSolution
		SolutionGuid = {525414A3-D3BA-46D6-B49A-D250764486DD}
	EndGlobalSection
EndGlobal
