<?xml version="1.0" encoding="utf-8"?>
<Project ToolsVersion="4.0" xmlns="http://schemas.microsoft.com/developer/msbuild/2003">
  <ItemGroup>
    <Filter Include="Platform">
      <UniqueIdentifier>{2AC788B4-1694-E3BF-3FAD-D1672BD9184E}</UniqueIdentifier>
    </Filter>
    <Filter Include="Platform\OpenGL">
      <UniqueIdentifier>{1E7D2C1D-8A08-9AE1-9319-1DD6FF23F6E1}</UniqueIdentifier>
    </Filter>
    <Filter Include="Platform\Windows">
      <UniqueIdentifier>{64FBD71A-50F4-F66C-7926-DCF1657ED678}</UniqueIdentifier>
    </Filter>
    <Filter Include="Runtime">
      <UniqueIdentifier>{4995DAC4-B574-5960-BE8C-E4362AEBBFC1}</UniqueIdentifier>
    </Filter>
    <Filter Include="Runtime\Private">
      <UniqueIdentifier>{3365FF23-9FF0-6CE8-A801-F0DC140CC9E8}</UniqueIdentifier>
    </Filter>
    <Filter Include="Runtime\Private\Audio">
      <UniqueIdentifier>{74CD8D69-E039-4964-A92D-E1C115596BCC}</UniqueIdentifier>
    </Filter>
    <Filter Include="Runtime\Private\CUDA">
      <UniqueIdentifier>{BF4CD68E-ABDB-5F58-54FA-7353406870FE}</UniqueIdentifier>
    </Filter>
    <Filter Include="Runtime\Private\Components">
      <UniqueIdentifier>{68C41E68-54D4-CA38-BD8D-2F57A9BCB9D1}</UniqueIdentifier>
    </Filter>
    <Filter Include="Runtime\Private\Core">
      <UniqueIdentifier>{6BC1D68E-5750-6058-006F-7453ECDC70FE}</UniqueIdentifier>
    </Filter>
    <Filter Include="Runtime\Private\Events">
      <UniqueIdentifier>{B7D9AEA4-A3D3-D7F6-8C40-6E0778D93D63}</UniqueIdentifier>
    </Filter>
    <Filter Include="Runtime\Private\Files">
      <UniqueIdentifier>{F5D4E169-6141-9D64-2A35-35C29660BFCC}</UniqueIdentifier>
    </Filter>
    <Filter Include="Runtime\Private\Fonts">
      <UniqueIdentifier>{AC29E569-1896-A064-E189-38C24DB5C2CC}</UniqueIdentifier>
    </Filter>
    <Filter Include="Runtime\Private\ImGui">
      <UniqueIdentifier>{9DB4196A-0921-D564-D214-6DC23E40F7CC}</UniqueIdentifier>
    </Filter>
    <Filter Include="Runtime\Private\Rendering">
      <UniqueIdentifier>{408AADDB-AC4C-E165-F5FC-6FF261FEB943}</UniqueIdentifier>
    </Filter>
    <Filter Include="Runtime\Private\Resources">
      <UniqueIdentifier>{5DE65A77-C9A8-8E01-1259-1D8E7E5A67DF}</UniqueIdentifier>
    </Filter>
    <Filter Include="Runtime\Private\Utility">
      <UniqueIdentifier>{76A6CA05-E2DD-129D-EBE7-76C0579E3996}</UniqueIdentifier>
    </Filter>
    <Filter Include="Runtime\Public">
      <UniqueIdentifier>{574C5120-431A-4526-2CAE-B54C181B218B}</UniqueIdentifier>
    </Filter>
    <Filter Include="Runtime\Public\Audio">
      <UniqueIdentifier>{987FA13E-840E-2B08-2D2D-3F03199B3BAE}</UniqueIdentifier>
    </Filter>
    <Filter Include="Runtime\Public\Components">
      <UniqueIdentifier>{0C6D4BEB-782F-7F75-C1DF-0D022DE15753}</UniqueIdentifier>
    </Filter>
    <Filter Include="Runtime\Public\Core">
      <UniqueIdentifier>{0FBF6A11-7B20-481F-048E-8ED170EE7EDE}</UniqueIdentifier>
    </Filter>
    <Filter Include="Runtime\Public\Events">
      <UniqueIdentifier>{5BD0381C-C73C-F416-9030-8C74FC5B167F}</UniqueIdentifier>
    </Filter>
    <Filter Include="Runtime\Public\Files">
      <UniqueIdentifier>{1987F53E-0516-7F08-AE34-93039AA28FAE}</UniqueIdentifier>
    </Filter>
    <Filter Include="Runtime\Public\Fonts">
      <UniqueIdentifier>{D0DBF83E-BC6A-8208-6589-960351F792AE}</UniqueIdentifier>
    </Filter>
    <Filter Include="Runtime\Public\ImGui">
      <UniqueIdentifier>{C1662D3F-ADF5-B608-5614-CB034282C7AE}</UniqueIdentifier>
    </Filter>
    <Filter Include="Runtime\Public\Math">
      <UniqueIdentifier>{90FF6F11-FC60-4D1F-85CE-93D1F12E84DE}</UniqueIdentifier>
    </Filter>
    <Filter Include="Runtime\Public\Rendering">
      <UniqueIdentifier>{64AED599-50D3-241A-791E-0AAA65A22338}</UniqueIdentifier>
    </Filter>
    <Filter Include="Runtime\Public\Resources">
      <UniqueIdentifier>{810A8335-6D2F-D2B5-967A-B74582FED0D3}</UniqueIdentifier>
    </Filter>
    <Filter Include="Runtime\Public\Utility">
      <UniqueIdentifier>{9A71936E-866B-BCC0-6FD8-52D15B71222D}</UniqueIdentifier>
    </Filter>
  </ItemGroup>
  <ItemGroup>
    <ClInclude Include="Source\Platform\DeviceFunctions.h">
      <Filter>Platform</Filter>
    </ClInclude>
    <ClInclude Include="Source\Platform\OpenGL\OpenGLAPI.h">
      <Filter>Platform\OpenGL</Filter>
    </ClInclude>
    <ClInclude Include="Source\Platform\OpenGL\OpenGLBuffers.h">
      <Filter>Platform\OpenGL</Filter>
    </ClInclude>
    <ClInclude Include="Source\Platform\OpenGL\OpenGLContext.h">
      <Filter>Platform\OpenGL</Filter>
    </ClInclude>
    <ClInclude Include="Source\Platform\OpenGL\OpenGLRenderTarget.h">
      <Filter>Platform\OpenGL</Filter>
    </ClInclude>
    <ClInclude Include="Source\Platform\OpenGL\OpenGLShader.h">
      <Filter>Platform\OpenGL</Filter>
    </ClInclude>
    <ClInclude Include="Source\Platform\OpenGL\OpenGLTexture.h">
      <Filter>Platform\OpenGL</Filter>
    </ClInclude>
    <ClInclude Include="Source\Platform\Platform.h">
      <Filter>Platform</Filter>
    </ClInclude>
    <ClInclude Include="Source\Platform\Windows\WindowsDeviceFunctions.h">
      <Filter>Platform\Windows</Filter>
    </ClInclude>
    <ClInclude Include="Source\Platform\Windows\WindowsInput.h">
      <Filter>Platform\Windows</Filter>
    </ClInclude>
    <ClInclude Include="Source\Platform\Windows\WindowsMinimal.h">
      <Filter>Platform\Windows</Filter>
    </ClInclude>
    <ClInclude Include="Source\Platform\Windows\WindowsWindow.h">
      <Filter>Platform\Windows</Filter>
    </ClInclude>
    <ClInclude Include="Source\Runtime\Private\CUDA\CoreCUDA.h">
      <Filter>Runtime\Private\CUDA</Filter>
    </ClInclude>
    <ClInclude Include="Source\Runtime\Public\Audio\AudioSample.h">
      <Filter>Runtime\Public\Audio</Filter>
    </ClInclude>
    <ClInclude Include="Source\Runtime\Public\Components\Component.h">
      <Filter>Runtime\Public\Components</Filter>
    </ClInclude>
    <ClInclude Include="Source\Runtime\Public\Core.h">
      <Filter>Runtime\Public</Filter>
    </ClInclude>
    <ClInclude Include="Source\Runtime\Public\Core\Application.h">
      <Filter>Runtime\Public\Core</Filter>
    </ClInclude>
    <ClInclude Include="Source\Runtime\Public\Core\CoreTime.h">
      <Filter>Runtime\Public\Core</Filter>
    </ClInclude>
    <ClInclude Include="Source\Runtime\Public\Core\EmptySource.h">
      <Filter>Runtime\Public\Core</Filter>
    </ClInclude>
    <ClInclude Include="Source\Runtime\Public\Core\GameObject.h">
      <Filter>Runtime\Public\Core</Filter>
    </ClInclude>
    <ClInclude Include="Source\Runtime\Public\Core\IIdentifier.h">
      <Filter>Runtime\Public\Core</Filter>
    </ClInclude>
    <ClInclude Include="Source\Runtime\Public\Core\Input.h">
      <Filter>Runtime\Public\Core</Filter>
    </ClInclude>
    <ClInclude Include="Source\Runtime\Public\Core\Layer.h">
      <Filter>Runtime\Public\Core</Filter>
    </ClInclude>
    <ClInclude Include="Source\Runtime\Public\Core\LayerStack.h">
      <Filter>Runtime\Public\Core</Filter>
    </ClInclude>
    <ClInclude Include="Source\Runtime\Public\Core\Log.h">
      <Filter>Runtime\Public\Core</Filter>
    </ClInclude>
    <ClInclude Include="Source\Runtime\Public\Core\Object.h">
      <Filter>Runtime\Public\Core</Filter>
    </ClInclude>
    <ClInclude Include="Source\Runtime\Public\Core\Space.h">
      <Filter>Runtime\Public\Core</Filter>
    </ClInclude>
    <ClInclude Include="Source\Runtime\Public\Core\Transform.h">
      <Filter>Runtime\Public\Core</Filter>
    </ClInclude>
    <ClInclude Include="Source\Runtime\Public\Core\Window.h">
      <Filter>Runtime\Public\Core</Filter>
    </ClInclude>
    <ClInclude Include="Source\Runtime\Public\CoreMinimal.h">
      <Filter>Runtime\Public</Filter>
    </ClInclude>
    <ClInclude Include="Source\Runtime\Public\CoreTypes.h">
      <Filter>Runtime\Public</Filter>
    </ClInclude>
    <ClInclude Include="Source\Runtime\Public\Events\Event.h">
      <Filter>Runtime\Public\Events</Filter>
    </ClInclude>
    <ClInclude Include="Source\Runtime\Public\Events\InputEvent.h">
      <Filter>Runtime\Public\Events</Filter>
    </ClInclude>
    <ClInclude Include="Source\Runtime\Public\Events\Observer.h">
      <Filter>Runtime\Public\Events</Filter>
    </ClInclude>
    <ClInclude Include="Source\Runtime\Public\Events\Property.h">
      <Filter>Runtime\Public\Events</Filter>
    </ClInclude>
    <ClInclude Include="Source\Runtime\Public\Events\Task.h">
      <Filter>Runtime\Public\Events</Filter>
    </ClInclude>
    <ClInclude Include="Source\Runtime\Public\Events\WindowEvent.h">
      <Filter>Runtime\Public\Events</Filter>
    </ClInclude>
    <ClInclude Include="Source\Runtime\Public\Files\FileManager.h">
      <Filter>Runtime\Public\Files</Filter>
    </ClInclude>
    <ClInclude Include="Source\Runtime\Public\Files\FileStream.h">
      <Filter>Runtime\Public\Files</Filter>
    </ClInclude>
    <ClInclude Include="Source\Runtime\Public\Fonts\EdgeHolder.h">
      <Filter>Runtime\Public\Fonts</Filter>
    </ClInclude>
    <ClInclude Include="Source\Runtime\Public\Fonts\EdgeSegments.h">
      <Filter>Runtime\Public\Fonts</Filter>
    </ClInclude>
    <ClInclude Include="Source\Runtime\Public\Fonts\Font.h">
      <Filter>Runtime\Public\Fonts</Filter>
    </ClInclude>
    <ClInclude Include="Source\Runtime\Public\Fonts\Glyph.h">
      <Filter>Runtime\Public\Fonts</Filter>
    </ClInclude>
    <ClInclude Include="Source\Runtime\Public\Fonts\SDFGenerator.h">
      <Filter>Runtime\Public\Fonts</Filter>
    </ClInclude>
    <ClInclude Include="Source\Runtime\Public\Fonts\Shape2D.h">
      <Filter>Runtime\Public\Fonts</Filter>
    </ClInclude>
    <ClInclude Include="Source\Runtime\Public\Fonts\Shape2DContour.h">
      <Filter>Runtime\Public\Fonts</Filter>
    </ClInclude>
    <ClInclude Include="Source\Runtime\Public\Fonts\Text2DGenerator.h">
      <Filter>Runtime\Public\Fonts</Filter>
    </ClInclude>
    <ClInclude Include="Source\Runtime\Public\ImGui\ImGuiLayer.h">
      <Filter>Runtime\Public\ImGui</Filter>
    </ClInclude>
    <ClInclude Include="Source\Runtime\Public\Math\Box2D.h">
      <Filter>Runtime\Public\Math</Filter>
    </ClInclude>
    <ClInclude Include="Source\Runtime\Public\Math\Box3D.h">
      <Filter>Runtime\Public\Math</Filter>
    </ClInclude>
    <ClInclude Include="Source\Runtime\Public\Math\CoreMath.h">
      <Filter>Runtime\Public\Math</Filter>
    </ClInclude>
    <ClInclude Include="Source\Runtime\Public\Math\IntVector2.h">
      <Filter>Runtime\Public\Math</Filter>
    </ClInclude>
    <ClInclude Include="Source\Runtime\Public\Math\IntVector2.inl">
      <Filter>Runtime\Public\Math</Filter>
    </ClInclude>
    <ClInclude Include="Source\Runtime\Public\Math\IntVector3.h">
      <Filter>Runtime\Public\Math</Filter>
    </ClInclude>
    <ClInclude Include="Source\Runtime\Public\Math\IntVector3.inl">
      <Filter>Runtime\Public\Math</Filter>
    </ClInclude>
    <ClInclude Include="Source\Runtime\Public\Math\MathUtility.h">
      <Filter>Runtime\Public\Math</Filter>
    </ClInclude>
    <ClInclude Include="Source\Runtime\Public\Math\MathUtility.inl">
      <Filter>Runtime\Public\Math</Filter>
    </ClInclude>
    <ClInclude Include="Source\Runtime\Public\Math\Matrix3x3.h">
      <Filter>Runtime\Public\Math</Filter>
    </ClInclude>
    <ClInclude Include="Source\Runtime\Public\Math\Matrix3x3.inl">
      <Filter>Runtime\Public\Math</Filter>
    </ClInclude>
    <ClInclude Include="Source\Runtime\Public\Math\Matrix4x4.h">
      <Filter>Runtime\Public\Math</Filter>
    </ClInclude>
    <ClInclude Include="Source\Runtime\Public\Math\Matrix4x4.inl">
      <Filter>Runtime\Public\Math</Filter>
    </ClInclude>
    <ClInclude Include="Source\Runtime\Public\Math\Physics.h">
      <Filter>Runtime\Public\Math</Filter>
    </ClInclude>
    <ClInclude Include="Source\Runtime\Public\Math\Quaternion.h">
      <Filter>Runtime\Public\Math</Filter>
    </ClInclude>
    <ClInclude Include="Source\Runtime\Public\Math\Quaternion.inl">
      <Filter>Runtime\Public\Math</Filter>
    </ClInclude>
    <ClInclude Include="Source\Runtime\Public\Math\Ray.h">
      <Filter>Runtime\Public\Math</Filter>
    </ClInclude>
    <ClInclude Include="Source\Runtime\Public\Math\Ray.inl">
      <Filter>Runtime\Public\Math</Filter>
    </ClInclude>
    <ClInclude Include="Source\Runtime\Public\Math\Vector2.h">
      <Filter>Runtime\Public\Math</Filter>
    </ClInclude>
    <ClInclude Include="Source\Runtime\Public\Math\Vector2.inl">
      <Filter>Runtime\Public\Math</Filter>
    </ClInclude>
    <ClInclude Include="Source\Runtime\Public\Math\Vector3.h">
      <Filter>Runtime\Public\Math</Filter>
    </ClInclude>
    <ClInclude Include="Source\Runtime\Public\Math\Vector3.inl">
      <Filter>Runtime\Public\Math</Filter>
    </ClInclude>
    <ClInclude Include="Source\Runtime\Public\Math\Vector4.h">
      <Filter>Runtime\Public\Math</Filter>
    </ClInclude>
    <ClInclude Include="Source\Runtime\Public\Math\Vector4.inl">
      <Filter>Runtime\Public\Math</Filter>
    </ClInclude>
    <ClInclude Include="Source\Runtime\Public\Rendering\Bitmap.h">
      <Filter>Runtime\Public\Rendering</Filter>
    </ClInclude>
    <ClInclude Include="Source\Runtime\Public\Rendering\GLFunctions.h">
      <Filter>Runtime\Public\Rendering</Filter>
    </ClInclude>
    <ClInclude Include="Source\Runtime\Public\Rendering\GraphicContext.h">
      <Filter>Runtime\Public\Rendering</Filter>
    </ClInclude>
    <ClInclude Include="Source\Runtime\Public\Rendering\Material.h">
      <Filter>Runtime\Public\Rendering</Filter>
    </ClInclude>
    <ClInclude Include="Source\Runtime\Public\Rendering\Mesh.h">
      <Filter>Runtime\Public\Rendering</Filter>
    </ClInclude>
    <ClInclude Include="Source\Runtime\Public\Rendering\MeshPrimitives.h">
      <Filter>Runtime\Public\Rendering</Filter>
    </ClInclude>
    <ClInclude Include="Source\Runtime\Public\Rendering\RenderPipeline.h">
      <Filter>Runtime\Public\Rendering</Filter>
    </ClInclude>
    <ClInclude Include="Source\Runtime\Public\Rendering\RenderStage.h">
      <Filter>Runtime\Public\Rendering</Filter>
    </ClInclude>
    <ClInclude Include="Source\Runtime\Public\Rendering\RenderTarget.h">
      <Filter>Runtime\Public\Rendering</Filter>
    </ClInclude>
    <ClInclude Include="Source\Runtime\Public\Rendering\Rendering.h">
      <Filter>Runtime\Public\Rendering</Filter>
    </ClInclude>
    <ClInclude Include="Source\Runtime\Public\Rendering\RenderingAPI.h">
      <Filter>Runtime\Public\Rendering</Filter>
    </ClInclude>
    <ClInclude Include="Source\Runtime\Public\Rendering\RenderingBuffers.h">
      <Filter>Runtime\Public\Rendering</Filter>
    </ClInclude>
    <ClInclude Include="Source\Runtime\Public\Rendering\RenderingDefinitions.h">
      <Filter>Runtime\Public\Rendering</Filter>
    </ClInclude>
    <ClInclude Include="Source\Runtime\Public\Rendering\Shader.h">
      <Filter>Runtime\Public\Rendering</Filter>
    </ClInclude>
    <ClInclude Include="Source\Runtime\Public\Rendering\Texture.h">
      <Filter>Runtime\Public\Rendering</Filter>
    </ClInclude>
    <ClInclude Include="Source\Runtime\Public\Resources\AudioManager.h">
      <Filter>Runtime\Public\Resources</Filter>
    </ClInclude>
    <ClInclude Include="Source\Runtime\Public\Resources\FBXLoader.h">
      <Filter>Runtime\Public\Resources</Filter>
    </ClInclude>
    <ClInclude Include="Source\Runtime\Public\Resources\OBJLoader.h">
      <Filter>Runtime\Public\Resources</Filter>
    </ClInclude>
    <ClInclude Include="Source\Runtime\Public\Resources\ResourceHolder.h">
      <Filter>Runtime\Public\Resources</Filter>
    </ClInclude>
    <ClInclude Include="Source\Runtime\Public\Resources\ResourceManager.h">
      <Filter>Runtime\Public\Resources</Filter>
    </ClInclude>
    <ClInclude Include="Source\Runtime\Public\Resources\ResourceShader.h">
      <Filter>Runtime\Public\Resources</Filter>
    </ClInclude>
    <ClInclude Include="Source\Runtime\Public\Resources\ShaderManager.h">
      <Filter>Runtime\Public\Resources</Filter>
    </ClInclude>
    <ClInclude Include="Source\Runtime\Public\Resources\TextureManager.h">
      <Filter>Runtime\Public\Resources</Filter>
    </ClInclude>
    <ClInclude Include="Source\Runtime\Public\Utility\Hasher.h">
      <Filter>Runtime\Public\Utility</Filter>
    </ClInclude>
    <ClInclude Include="Source\Runtime\Public\Utility\LogFreeType.h">
      <Filter>Runtime\Public\Utility</Filter>
    </ClInclude>
    <ClInclude Include="Source\Runtime\Public\Utility\TextFormatting.h">
      <Filter>Runtime\Public\Utility</Filter>
    </ClInclude>
    <ClInclude Include="Source\Runtime\Public\Utility\TextFormattingMath.h">
      <Filter>Runtime\Public\Utility</Filter>
    </ClInclude>
    <ClInclude Include="Source\Runtime\Public\Utility\TexturePacking.h">
      <Filter>Runtime\Public\Utility</Filter>
    </ClInclude>
    <ClInclude Include="Source\Runtime\Public\Resources\ImageConversion.h">
      <Filter>Runtime\Public\Resources</Filter>
    </ClInclude>
    <ClInclude Include="Source\Runtime\Public\Resources\MeshManager.h">
      <Filter>Runtime\Public\Resources</Filter>
    </ClInclude>
    <ClInclude Include="Source\Runtime\Public\Resources\MeshParser.h">
      <Filter>Runtime\Public\Resources</Filter>
    </ClInclude>
    <ClInclude Include="Source\Runtime\Public\Audio\AudioDevice.h">
      <Filter>Runtime\Public\Audio</Filter>
    </ClInclude>
    <ClInclude Include="Source\Runtime\Public\Components\ComponentRenderable.h">
      <Filter>Runtime\Public\Components</Filter>
    </ClInclude>
    <ClInclude Include="Source\Runtime\Public\Resources\MaterialManager.h">
      <Filter>Runtime\Public\Resources</Filter>
    </ClInclude>
  </ItemGroup>
  <ItemGroup>
    <ClCompile Include="Source\Platform\OpenGL\OpenGLAPI.cpp">
      <Filter>Platform\OpenGL</Filter>
    </ClCompile>
    <ClCompile Include="Source\Platform\OpenGL\OpenGLBuffers.cpp">
      <Filter>Platform\OpenGL</Filter>
    </ClCompile>
    <ClCompile Include="Source\Platform\OpenGL\OpenGLContext.cpp">
      <Filter>Platform\OpenGL</Filter>
    </ClCompile>
    <ClCompile Include="Source\Platform\OpenGL\OpenGLRenderTarget.cpp">
      <Filter>Platform\OpenGL</Filter>
    </ClCompile>
    <ClCompile Include="Source\Platform\OpenGL\OpenGLShader.cpp">
      <Filter>Platform\OpenGL</Filter>
    </ClCompile>
    <ClCompile Include="Source\Platform\OpenGL\OpenGLTexture.cpp">
      <Filter>Platform\OpenGL</Filter>
    </ClCompile>
    <ClCompile Include="Source\Platform\Windows\WindowsDeviceFunctions.cpp">
      <Filter>Platform\Windows</Filter>
    </ClCompile>
    <ClCompile Include="Source\Platform\Windows\WindowsInput.cpp">
      <Filter>Platform\Windows</Filter>
    </ClCompile>
    <ClCompile Include="Source\Platform\Windows\WindowsWindow.cpp">
      <Filter>Platform\Windows</Filter>
    </ClCompile>
    <ClCompile Include="Source\Runtime\Private\Audio\AudioSample.cpp">
      <Filter>Runtime\Private\Audio</Filter>
    </ClCompile>
    <ClCompile Include="Source\Runtime\Private\Core\Application.cpp">
      <Filter>Runtime\Private\Core</Filter>
    </ClCompile>
    <ClCompile Include="Source\Runtime\Private\Core\Component.cpp">
      <Filter>Runtime\Private\Core</Filter>
    </ClCompile>
    <ClCompile Include="Source\Runtime\Private\Core\CoreTime.cpp">
      <Filter>Runtime\Private\Core</Filter>
    </ClCompile>
    <ClCompile Include="Source\Runtime\Private\Core\EntryPoint.cpp">
      <Filter>Runtime\Private\Core</Filter>
    </ClCompile>
    <ClCompile Include="Source\Runtime\Private\Core\GameObject.cpp">
      <Filter>Runtime\Private\Core</Filter>
    </ClCompile>
    <ClCompile Include="Source\Runtime\Private\Core\IIdentifier.cpp">
      <Filter>Runtime\Private\Core</Filter>
    </ClCompile>
    <ClCompile Include="Source\Runtime\Private\Core\Layer.cpp">
      <Filter>Runtime\Private\Core</Filter>
    </ClCompile>
    <ClCompile Include="Source\Runtime\Private\Core\LayerStack.cpp">
      <Filter>Runtime\Private\Core</Filter>
    </ClCompile>
    <ClCompile Include="Source\Runtime\Private\Core\Log.cpp">
      <Filter>Runtime\Private\Core</Filter>
    </ClCompile>
    <ClCompile Include="Source\Runtime\Private\Core\Object.cpp">
      <Filter>Runtime\Private\Core</Filter>
    </ClCompile>
    <ClCompile Include="Source\Runtime\Private\Core\Space.cpp">
      <Filter>Runtime\Private\Core</Filter>
    </ClCompile>
    <ClCompile Include="Source\Runtime\Private\Core\Transform.cpp">
      <Filter>Runtime\Private\Core</Filter>
    </ClCompile>
    <ClCompile Include="Source\Runtime\Private\Events\Observer.cpp">
      <Filter>Runtime\Private\Events</Filter>
    </ClCompile>
    <ClCompile Include="Source\Runtime\Private\Files\FileManager.cpp">
      <Filter>Runtime\Private\Files</Filter>
    </ClCompile>
    <ClCompile Include="Source\Runtime\Private\Files\FileStream.cpp">
      <Filter>Runtime\Private\Files</Filter>
    </ClCompile>
    <ClCompile Include="Source\Runtime\Private\Fonts\EdgeHolder.cpp">
      <Filter>Runtime\Private\Fonts</Filter>
    </ClCompile>
    <ClCompile Include="Source\Runtime\Private\Fonts\EdgeSegments.cpp">
      <Filter>Runtime\Private\Fonts</Filter>
    </ClCompile>
    <ClCompile Include="Source\Runtime\Private\Fonts\Font.cpp">
      <Filter>Runtime\Private\Fonts</Filter>
    </ClCompile>
    <ClCompile Include="Source\Runtime\Private\Fonts\Glyph.cpp">
      <Filter>Runtime\Private\Fonts</Filter>
    </ClCompile>
    <ClCompile Include="Source\Runtime\Private\Fonts\SDFGenerator.cpp">
      <Filter>Runtime\Private\Fonts</Filter>
    </ClCompile>
    <ClCompile Include="Source\Runtime\Private\Fonts\Shape2D.cpp">
      <Filter>Runtime\Private\Fonts</Filter>
    </ClCompile>
    <ClCompile Include="Source\Runtime\Private\Fonts\Shape2DContour.cpp">
      <Filter>Runtime\Private\Fonts</Filter>
    </ClCompile>
    <ClCompile Include="Source\Runtime\Private\Fonts\Text2DGenerator.cpp">
      <Filter>Runtime\Private\Fonts</Filter>
    </ClCompile>
    <ClCompile Include="Source\Runtime\Private\ImGui\ImGuiBuild.cpp">
      <Filter>Runtime\Private\ImGui</Filter>
    </ClCompile>
    <ClCompile Include="Source\Runtime\Private\ImGui\ImGuiLayer.cpp">
      <Filter>Runtime\Private\ImGui</Filter>
    </ClCompile>
    <ClCompile Include="Source\Runtime\Private\Rendering\Bitmap.cpp">
      <Filter>Runtime\Private\Rendering</Filter>
    </ClCompile>
    <ClCompile Include="Source\Runtime\Private\Rendering\Material.cpp">
      <Filter>Runtime\Private\Rendering</Filter>
    </ClCompile>
    <ClCompile Include="Source\Runtime\Private\Rendering\Mesh.cpp">
      <Filter>Runtime\Private\Rendering</Filter>
    </ClCompile>
    <ClCompile Include="Source\Runtime\Private\Rendering\RenderPipeline.cpp">
      <Filter>Runtime\Private\Rendering</Filter>
    </ClCompile>
    <ClCompile Include="Source\Runtime\Private\Rendering\RenderStage.cpp">
      <Filter>Runtime\Private\Rendering</Filter>
    </ClCompile>
    <ClCompile Include="Source\Runtime\Private\Rendering\RenderTarget.cpp">
      <Filter>Runtime\Private\Rendering</Filter>
    </ClCompile>
    <ClCompile Include="Source\Runtime\Private\Rendering\Rendering.cpp">
      <Filter>Runtime\Private\Rendering</Filter>
    </ClCompile>
    <ClCompile Include="Source\Runtime\Private\Rendering\RenderingBuffers.cpp">
      <Filter>Runtime\Private\Rendering</Filter>
    </ClCompile>
    <ClCompile Include="Source\Runtime\Private\Rendering\Shader.cpp">
      <Filter>Runtime\Private\Rendering</Filter>
    </ClCompile>
    <ClCompile Include="Source\Runtime\Private\Rendering\Texture.cpp">
      <Filter>Runtime\Private\Rendering</Filter>
    </ClCompile>
    <ClCompile Include="Source\Runtime\Private\Resources\AudioManager.cpp">
      <Filter>Runtime\Private\Resources</Filter>
    </ClCompile>
    <ClCompile Include="Source\Runtime\Private\Resources\FBXLoader.cpp">
      <Filter>Runtime\Private\Resources</Filter>
    </ClCompile>
    <ClCompile Include="Source\Runtime\Private\Resources\OBJLoader.cpp">
      <Filter>Runtime\Private\Resources</Filter>
    </ClCompile>
    <ClCompile Include="Source\Runtime\Private\Resources\ResourceHolder.cpp">
      <Filter>Runtime\Private\Resources</Filter>
    </ClCompile>
    <ClCompile Include="Source\Runtime\Private\Resources\ResourceManager.cpp">
      <Filter>Runtime\Private\Resources</Filter>
    </ClCompile>
    <ClCompile Include="Source\Runtime\Private\Resources\ResourceShader.cpp">
      <Filter>Runtime\Private\Resources</Filter>
    </ClCompile>
    <ClCompile Include="Source\Runtime\Private\Resources\ShaderManager.cpp">
      <Filter>Runtime\Private\Resources</Filter>
    </ClCompile>
    <ClCompile Include="Source\Runtime\Private\Resources\TextureManager.cpp">
      <Filter>Runtime\Private\Resources</Filter>
    </ClCompile>
    <ClCompile Include="Source\Runtime\Private\Utility\TextFormatting.cpp">
      <Filter>Runtime\Private\Utility</Filter>
    </ClCompile>
    <ClCompile Include="Source\Runtime\Private\Utility\TexturePacking.cpp">
      <Filter>Runtime\Private\Utility</Filter>
    </ClCompile>
    <ClCompile Include="Source\Runtime\Public\CoreMinimal.cpp">
      <Filter>Runtime\Public</Filter>
    </ClCompile>
    <ClCompile Include="Source\Runtime\Private\Resources\ImageConversion.cpp">
      <Filter>Runtime\Private\Resources</Filter>
    </ClCompile>
    <ClCompile Include="Source\Runtime\Private\Resources\MeshManager.cpp">
      <Filter>Runtime\Private\Resources</Filter>
    </ClCompile>
    <ClCompile Include="Source\Runtime\Private\Resources\MeshParser.cpp">
      <Filter>Runtime\Private\Resources</Filter>
    </ClCompile>
    <ClCompile Include="Source\Runtime\Private\Audio\AudioDevice.cpp">
      <Filter>Runtime\Private\Audio</Filter>
    </ClCompile>
    <ClCompile Include="Source\Runtime\Private\Components\ComponentRenderable.cpp">
      <Filter>Runtime\Private\Components</Filter>
    </ClCompile>
    <ClCompile Include="Source\Runtime\Private\Resources\MaterialManager.cpp">
      <Filter>Runtime\Private\Resources</Filter>
    </ClCompile>
  </ItemGroup>
</Project>