
Microsoft Visual Studio Solution File, Format Version 12.00
# Visual Studio 15
Project("{8BC9CEB8-8B4A-11D0-8D11-00A0C91BC942}") = "Sandbox", "Sandbox\Sandbox.vcxproj", "{F4C124E3-60A1-A37E-69B9-2E55D5170AE0}"
EndProject
Project("{2150E333-8FDC-42A3-9474-1A3956D46DE8}") = "Dependencies", "Dependencies", "{53E47842-3FC8-3998-A828-34EB942B241A}"
EndProject
Project("{8BC9CEB8-8B4A-11D0-8D11-00A0C91BC942}") = "GLAD", "EmptySource\External\GLAD\GLAD.vcxproj", "{5D4A857C-4981-860D-F26D-6C10DE83020F}"
EndProject
Project("{8BC9CEB8-8B4A-11D0-8D11-00A0C91BC942}") = "ImGui", "EmptySource\External\IMGUI\ImGui.vcxproj", "{C0FF640D-2C14-8DBE-F595-301E616989EF}"
EndProject
Project("{8BC9CEB8-8B4A-11D0-8D11-00A0C91BC942}") = "YAML-CPP", "EmptySource\External\YAML\YAML-CPP.vcxproj", "{A80C36E3-94D9-90EE-BDF2-7E96A91EC67C}"
EndProject
Project("{8BC9CEB8-8B4A-11D0-8D11-00A0C91BC942}") = "EmptySource", "EmptySource\EmptySource.vcxproj", "{A5F129C6-11A7-A2BB-9A9B-9C92065099BF}"
EndProject
Project("{8BC9CEB8-8B4A-11D0-8D11-00A0C91BC942}") = "Showroom", "Showroom\Showroom.vcxproj", "{43694A66-2F36-A571-584F-9319447BDAFF}"
EndProject
Global
	GlobalSection(SolutionConfigurationPlatforms) = preSolution
		Debug|x64 = Debug|x64
		Release|x64 = Release|x64
		Shipping|x64 = Shipping|x64
	EndGlobalSection
	GlobalSection(ProjectConfigurationPlatforms) = postSolution
		{F4C124E3-60A1-A37E-69B9-2E55D5170AE0}.Debug|x64.ActiveCfg = Debug|x64
		{F4C124E3-60A1-A37E-69B9-2E55D5170AE0}.Debug|x64.Build.0 = Debug|x64
		{F4C124E3-60A1-A37E-69B9-2E55D5170AE0}.Release|x64.ActiveCfg = Release|x64
		{F4C124E3-60A1-A37E-69B9-2E55D5170AE0}.Release|x64.Build.0 = Release|x64
		{F4C124E3-60A1-A37E-69B9-2E55D5170AE0}.Shipping|x64.ActiveCfg = Shipping|x64
		{F4C124E3-60A1-A37E-69B9-2E55D5170AE0}.Shipping|x64.Build.0 = Shipping|x64
		{5D4A857C-4981-860D-F26D-6C10DE83020F}.Debug|x64.ActiveCfg = Debug|x64
		{5D4A857C-4981-860D-F26D-6C10DE83020F}.Debug|x64.Build.0 = Debug|x64
		{5D4A857C-4981-860D-F26D-6C10DE83020F}.Release|x64.ActiveCfg = Release|x64
		{5D4A857C-4981-860D-F26D-6C10DE83020F}.Release|x64.Build.0 = Release|x64
		{5D4A857C-4981-860D-F26D-6C10DE83020F}.Shipping|x64.ActiveCfg = Shipping|x64
		{5D4A857C-4981-860D-F26D-6C10DE83020F}.Shipping|x64.Build.0 = Shipping|x64
		{C0FF640D-2C14-8DBE-F595-301E616989EF}.Debug|x64.ActiveCfg = Debug|x64
		{C0FF640D-2C14-8DBE-F595-301E616989EF}.Debug|x64.Build.0 = Debug|x64
		{C0FF640D-2C14-8DBE-F595-301E616989EF}.Release|x64.ActiveCfg = Release|x64
		{C0FF640D-2C14-8DBE-F595-301E616989EF}.Release|x64.Build.0 = Release|x64
		{C0FF640D-2C14-8DBE-F595-301E616989EF}.Shipping|x64.ActiveCfg = Shipping|x64
		{C0FF640D-2C14-8DBE-F595-301E616989EF}.Shipping|x64.Build.0 = Shipping|x64
		{A80C36E3-94D9-90EE-BDF2-7E96A91EC67C}.Debug|x64.ActiveCfg = Debug|x64
		{A80C36E3-94D9-90EE-BDF2-7E96A91EC67C}.Debug|x64.Build.0 = Debug|x64
		{A80C36E3-94D9-90EE-BDF2-7E96A91EC67C}.Release|x64.ActiveCfg = Release|x64
		{A80C36E3-94D9-90EE-BDF2-7E96A91EC67C}.Release|x64.Build.0 = Release|x64
		{A80C36E3-94D9-90EE-BDF2-7E96A91EC67C}.Shipping|x64.ActiveCfg = Shipping|x64
		{A80C36E3-94D9-90EE-BDF2-7E96A91EC67C}.Shipping|x64.Build.0 = Shipping|x64
		{A5F129C6-11A7-A2BB-9A9B-9C92065099BF}.Debug|x64.ActiveCfg = Debug|x64
		{A5F129C6-11A7-A2BB-9A9B-9C92065099BF}.Debug|x64.Build.0 = Debug|x64
		{A5F129C6-11A7-A2BB-9A9B-9C92065099BF}.Release|x64.ActiveCfg = Release|x64
		{A5F129C6-11A7-A2BB-9A9B-9C92065099BF}.Release|x64.Build.0 = Release|x64
		{A5F129C6-11A7-A2BB-9A9B-9C92065099BF}.Shipping|x64.ActiveCfg = Shipping|x64
		{A5F129C6-11A7-A2BB-9A9B-9C92065099BF}.Shipping|x64.Build.0 = Shipping|x64
		{43694A66-2F36-A571-584F-9319447BDAFF}.Debug|x64.ActiveCfg = Debug|x64
		{43694A66-2F36-A571-584F-9319447BDAFF}.Debug|x64.Build.0 = Debug|x64
		{43694A66-2F36-A571-584F-9319447BDAFF}.Release|x64.ActiveCfg = Release|x64
		{43694A66-2F36-A571-584F-9319447BDAFF}.Release|x64.Build.0 = Release|x64
		{43694A66-2F36-A571-584F-9319447BDAFF}.Shipping|x64.ActiveCfg = Shipping|x64
		{43694A66-2F36-A571-584F-9319447BDAFF}.Shipping|x64.Build.0 = Shipping|x64
	EndGlobalSection
	GlobalSection(SolutionProperties) = preSolution
		HideSolutionNode = FALSE
	EndGlobalSection
	GlobalSection(NestedProjects) = preSolution
		{5D4A857C-4981-860D-F26D-6C10DE83020F} = {53E47842-3FC8-3998-A828-34EB942B241A}
		{C0FF640D-2C14-8DBE-F595-301E616989EF} = {53E47842-3FC8-3998-A828-34EB942B241A}
		{A80C36E3-94D9-90EE-BDF2-7E96A91EC67C} = {53E47842-3FC8-3998-A828-34EB942B241A}
	EndGlobalSection
EndGlobal
